// !$*UTF8*$!
{
	archiveVersion = 1;
	classes = {
	};
	objectVersion = 56;
	objects = {

/* Begin PBXBuildFile section */
		346449AA9A85FFF634600344 /* AuthenticationManager.swift in Sources */ = {isa = PBXBuildFile; fileRef = 346444CB0B17F78B0E1C9D46 /* AuthenticationManager.swift */; };
		DA2D5BED2BD34BB800F1EC1F /* ci_pre_xcodebuild.sh in Resources */ = {isa = PBXBuildFile; fileRef = DA2D5BEC2BD34BB800F1EC1F /* ci_pre_xcodebuild.sh */; };
		DA90C1D92BC99D6D00B546C1 /* ArkavoApp.swift in Sources */ = {isa = PBXBuildFile; fileRef = DA90C1D82BC99D6D00B546C1 /* ArkavoApp.swift */; };
		DA90C1DB2BC99D6D00B546C1 /* Persistence.swift in Sources */ = {isa = PBXBuildFile; fileRef = DA90C1DA2BC99D6D00B546C1 /* Persistence.swift */; };
		DA90C1DE2BC99D6D00B546C1 /* Arkavo.xcdatamodeld in Sources */ = {isa = PBXBuildFile; fileRef = DA90C1DC2BC99D6D00B546C1 /* Arkavo.xcdatamodeld */; };
		DA90C1E02BC99D6D00B546C1 /* ContentView.swift in Sources */ = {isa = PBXBuildFile; fileRef = DA90C1DF2BC99D6D00B546C1 /* ContentView.swift */; };
		DA90C1E22BC99D6E00B546C1 /* Assets.xcassets in Resources */ = {isa = PBXBuildFile; fileRef = DA90C1E12BC99D6E00B546C1 /* Assets.xcassets */; };
		DA90C1E62BC99D6E00B546C1 /* Preview Assets.xcassets in Resources */ = {isa = PBXBuildFile; fileRef = DA90C1E52BC99D6E00B546C1 /* Preview Assets.xcassets */; };
		DA90C1F02BC99D6F00B546C1 /* ArkavoTests.swift in Sources */ = {isa = PBXBuildFile; fileRef = DA90C1EF2BC99D6F00B546C1 /* ArkavoTests.swift */; };
		DA90C1FA2BC99D6F00B546C1 /* ArkavoUITests.swift in Sources */ = {isa = PBXBuildFile; fileRef = DA90C1F92BC99D6F00B546C1 /* ArkavoUITests.swift */; };
		DA90C1FC2BC99D6F00B546C1 /* ArkavoUITestsLaunchTests.swift in Sources */ = {isa = PBXBuildFile; fileRef = DA90C1FB2BC99D6F00B546C1 /* ArkavoUITestsLaunchTests.swift */; };
		DAF123922BD0A0660001014C /* conan_opentdf_client.xcconfig in Resources */ = {isa = PBXBuildFile; fileRef = DAF123912BD0A0660001014C /* conan_opentdf_client.xcconfig */; };
		DAF123992BD0AC670001014C /* OpenTDFWrapper.mm in Sources */ = {isa = PBXBuildFile; fileRef = DAF123982BD0AC670001014C /* OpenTDFWrapper.mm */; };
/* End PBXBuildFile section */

/* Begin PBXContainerItemProxy section */
		DA90C1EC2BC99D6F00B546C1 /* PBXContainerItemProxy */ = {
			isa = PBXContainerItemProxy;
			containerPortal = DA90C1CD2BC99D6D00B546C1 /* Project object */;
			proxyType = 1;
			remoteGlobalIDString = DA90C1D42BC99D6D00B546C1;
			remoteInfo = Arkavo;
		};
		DA90C1F62BC99D6F00B546C1 /* PBXContainerItemProxy */ = {
			isa = PBXContainerItemProxy;
			containerPortal = DA90C1CD2BC99D6D00B546C1 /* Project object */;
			proxyType = 1;
			remoteGlobalIDString = DA90C1D42BC99D6D00B546C1;
			remoteInfo = Arkavo;
		};
/* End PBXContainerItemProxy section */

/* Begin PBXFileReference section */
		346444CB0B17F78B0E1C9D46 /* AuthenticationManager.swift */ = {isa = PBXFileReference; fileEncoding = 4; lastKnownFileType = sourcecode.swift; path = AuthenticationManager.swift; sourceTree = "<group>"; };
		DA2D5BEC2BD34BB800F1EC1F /* ci_pre_xcodebuild.sh */ = {isa = PBXFileReference; fileEncoding = 4; lastKnownFileType = text.script.sh; path = ci_pre_xcodebuild.sh; sourceTree = "<group>"; };
		DA90C1D52BC99D6D00B546C1 /* Arkavo.app */ = {isa = PBXFileReference; explicitFileType = wrapper.application; includeInIndex = 0; path = Arkavo.app; sourceTree = BUILT_PRODUCTS_DIR; };
		DA90C1D82BC99D6D00B546C1 /* ArkavoApp.swift */ = {isa = PBXFileReference; lastKnownFileType = sourcecode.swift; path = ArkavoApp.swift; sourceTree = "<group>"; };
		DA90C1DA2BC99D6D00B546C1 /* Persistence.swift */ = {isa = PBXFileReference; lastKnownFileType = sourcecode.swift; path = Persistence.swift; sourceTree = "<group>"; };
		DA90C1DD2BC99D6D00B546C1 /* Arkavo.xcdatamodel */ = {isa = PBXFileReference; lastKnownFileType = wrapper.xcdatamodel; path = Arkavo.xcdatamodel; sourceTree = "<group>"; };
		DA90C1DF2BC99D6D00B546C1 /* ContentView.swift */ = {isa = PBXFileReference; lastKnownFileType = sourcecode.swift; path = ContentView.swift; sourceTree = "<group>"; };
		DA90C1E12BC99D6E00B546C1 /* Assets.xcassets */ = {isa = PBXFileReference; lastKnownFileType = folder.assetcatalog; path = Assets.xcassets; sourceTree = "<group>"; };
		DA90C1E32BC99D6E00B546C1 /* Arkavo.entitlements */ = {isa = PBXFileReference; lastKnownFileType = text.plist.entitlements; path = Arkavo.entitlements; sourceTree = "<group>"; };
		DA90C1E52BC99D6E00B546C1 /* Preview Assets.xcassets */ = {isa = PBXFileReference; lastKnownFileType = folder.assetcatalog; path = "Preview Assets.xcassets"; sourceTree = "<group>"; };
		DA90C1EB2BC99D6F00B546C1 /* ArkavoTests.xctest */ = {isa = PBXFileReference; explicitFileType = wrapper.cfbundle; includeInIndex = 0; path = ArkavoTests.xctest; sourceTree = BUILT_PRODUCTS_DIR; };
		DA90C1EF2BC99D6F00B546C1 /* ArkavoTests.swift */ = {isa = PBXFileReference; lastKnownFileType = sourcecode.swift; path = ArkavoTests.swift; sourceTree = "<group>"; };
		DA90C1F52BC99D6F00B546C1 /* ArkavoUITests.xctest */ = {isa = PBXFileReference; explicitFileType = wrapper.cfbundle; includeInIndex = 0; path = ArkavoUITests.xctest; sourceTree = BUILT_PRODUCTS_DIR; };
		DA90C1F92BC99D6F00B546C1 /* ArkavoUITests.swift */ = {isa = PBXFileReference; lastKnownFileType = sourcecode.swift; path = ArkavoUITests.swift; sourceTree = "<group>"; };
		DA90C1FB2BC99D6F00B546C1 /* ArkavoUITestsLaunchTests.swift */ = {isa = PBXFileReference; lastKnownFileType = sourcecode.swift; path = ArkavoUITestsLaunchTests.swift; sourceTree = "<group>"; };
		DAF123912BD0A0660001014C /* conan_opentdf_client.xcconfig */ = {isa = PBXFileReference; fileEncoding = 4; lastKnownFileType = text.xcconfig; name = conan_opentdf_client.xcconfig; path = "../opentdf-client/build/Debug/generators/conan_opentdf_client.xcconfig"; sourceTree = "<group>"; };
		DAF123972BD0AC670001014C /* Arkavo-Bridging-Header.h */ = {isa = PBXFileReference; lastKnownFileType = sourcecode.c.h; path = "Arkavo-Bridging-Header.h"; sourceTree = "<group>"; };
		DAF123982BD0AC670001014C /* OpenTDFWrapper.mm */ = {isa = PBXFileReference; fileEncoding = 4; lastKnownFileType = sourcecode.cpp.objcpp; path = OpenTDFWrapper.mm; sourceTree = "<group>"; };
		DAF4D8902BD2108600AEDE99 /* OpenTDFWrapper.h */ = {isa = PBXFileReference; lastKnownFileType = sourcecode.c.h; path = OpenTDFWrapper.h; sourceTree = "<group>"; };
/* End PBXFileReference section */

/* Begin PBXFrameworksBuildPhase section */
		DA90C1D22BC99D6D00B546C1 /* Frameworks */ = {
			isa = PBXFrameworksBuildPhase;
			buildActionMask = 2147483647;
			files = (
			);
			runOnlyForDeploymentPostprocessing = 0;
		};
		DA90C1E82BC99D6F00B546C1 /* Frameworks */ = {
			isa = PBXFrameworksBuildPhase;
			buildActionMask = 2147483647;
			files = (
			);
			runOnlyForDeploymentPostprocessing = 0;
		};
		DA90C1F22BC99D6F00B546C1 /* Frameworks */ = {
			isa = PBXFrameworksBuildPhase;
			buildActionMask = 2147483647;
			files = (
			);
			runOnlyForDeploymentPostprocessing = 0;
		};
/* End PBXFrameworksBuildPhase section */

/* Begin PBXGroup section */
		346446F71B51C76C122120CB /* Services */ = {
			isa = PBXGroup;
			children = (
				DAF123972BD0AC670001014C /* Arkavo-Bridging-Header.h */,
				346444CB0B17F78B0E1C9D46 /* AuthenticationManager.swift */,
				DAF4D8902BD2108600AEDE99 /* OpenTDFWrapper.h */,
				DAF123982BD0AC670001014C /* OpenTDFWrapper.mm */,
			);
			path = Services;
			sourceTree = "<group>";
		};
		DA2D5BEB2BD34B1600F1EC1F /* ci_scripts */ = {
			isa = PBXGroup;
			children = (
				DA2D5BEC2BD34BB800F1EC1F /* ci_pre_xcodebuild.sh */,
			);
			path = ci_scripts;
			sourceTree = "<group>";
		};
		DA90C1CC2BC99D6D00B546C1 = {
			isa = PBXGroup;
			children = (
				DA2D5BEB2BD34B1600F1EC1F /* ci_scripts */,
				DAF123912BD0A0660001014C /* conan_opentdf_client.xcconfig */,
				DA90C1D72BC99D6D00B546C1 /* Arkavo */,
				DA90C1EE2BC99D6F00B546C1 /* ArkavoTests */,
				DA90C1F82BC99D6F00B546C1 /* ArkavoUITests */,
				DA90C1D62BC99D6D00B546C1 /* Products */,
			);
			sourceTree = "<group>";
		};
		DA90C1D62BC99D6D00B546C1 /* Products */ = {
			isa = PBXGroup;
			children = (
				DA90C1D52BC99D6D00B546C1 /* Arkavo.app */,
				DA90C1EB2BC99D6F00B546C1 /* ArkavoTests.xctest */,
				DA90C1F52BC99D6F00B546C1 /* ArkavoUITests.xctest */,
			);
			name = Products;
			sourceTree = "<group>";
		};
		DA90C1D72BC99D6D00B546C1 /* Arkavo */ = {
			isa = PBXGroup;
			children = (
				DA90C1D82BC99D6D00B546C1 /* ArkavoApp.swift */,
				DA90C1DA2BC99D6D00B546C1 /* Persistence.swift */,
				DA90C1DF2BC99D6D00B546C1 /* ContentView.swift */,
				DA90C1E12BC99D6E00B546C1 /* Assets.xcassets */,
				DA90C1E32BC99D6E00B546C1 /* Arkavo.entitlements */,
				DA90C1DC2BC99D6D00B546C1 /* Arkavo.xcdatamodeld */,
				DA90C1E42BC99D6E00B546C1 /* Preview Content */,
				346446F71B51C76C122120CB /* Services */,
			);
			path = Arkavo;
			sourceTree = "<group>";
		};
		DA90C1E42BC99D6E00B546C1 /* Preview Content */ = {
			isa = PBXGroup;
			children = (
				DA90C1E52BC99D6E00B546C1 /* Preview Assets.xcassets */,
			);
			path = "Preview Content";
			sourceTree = "<group>";
		};
		DA90C1EE2BC99D6F00B546C1 /* ArkavoTests */ = {
			isa = PBXGroup;
			children = (
				DA90C1EF2BC99D6F00B546C1 /* ArkavoTests.swift */,
			);
			path = ArkavoTests;
			sourceTree = "<group>";
		};
		DA90C1F82BC99D6F00B546C1 /* ArkavoUITests */ = {
			isa = PBXGroup;
			children = (
				DA90C1F92BC99D6F00B546C1 /* ArkavoUITests.swift */,
				DA90C1FB2BC99D6F00B546C1 /* ArkavoUITestsLaunchTests.swift */,
			);
			path = ArkavoUITests;
			sourceTree = "<group>";
		};
/* End PBXGroup section */

/* Begin PBXNativeTarget section */
		DA90C1D42BC99D6D00B546C1 /* Arkavo */ = {
			isa = PBXNativeTarget;
			buildConfigurationList = DA90C1FF2BC99D6F00B546C1 /* Build configuration list for PBXNativeTarget "Arkavo" */;
			buildPhases = (
				DA90C1D12BC99D6D00B546C1 /* Sources */,
				DA90C1D22BC99D6D00B546C1 /* Frameworks */,
				DA90C1D32BC99D6D00B546C1 /* Resources */,
			);
			buildRules = (
			);
			dependencies = (
			);
			name = Arkavo;
			productName = Arkavo;
			productReference = DA90C1D52BC99D6D00B546C1 /* Arkavo.app */;
			productType = "com.apple.product-type.application";
		};
		DA90C1EA2BC99D6F00B546C1 /* ArkavoTests */ = {
			isa = PBXNativeTarget;
			buildConfigurationList = DA90C2022BC99D6F00B546C1 /* Build configuration list for PBXNativeTarget "ArkavoTests" */;
			buildPhases = (
				DA90C1E72BC99D6F00B546C1 /* Sources */,
				DA90C1E82BC99D6F00B546C1 /* Frameworks */,
				DA90C1E92BC99D6F00B546C1 /* Resources */,
			);
			buildRules = (
			);
			dependencies = (
				DA90C1ED2BC99D6F00B546C1 /* PBXTargetDependency */,
			);
			name = ArkavoTests;
			productName = ArkavoTests;
			productReference = DA90C1EB2BC99D6F00B546C1 /* ArkavoTests.xctest */;
			productType = "com.apple.product-type.bundle.unit-test";
		};
		DA90C1F42BC99D6F00B546C1 /* ArkavoUITests */ = {
			isa = PBXNativeTarget;
			buildConfigurationList = DA90C2052BC99D6F00B546C1 /* Build configuration list for PBXNativeTarget "ArkavoUITests" */;
			buildPhases = (
				DA90C1F12BC99D6F00B546C1 /* Sources */,
				DA90C1F22BC99D6F00B546C1 /* Frameworks */,
				DA90C1F32BC99D6F00B546C1 /* Resources */,
			);
			buildRules = (
			);
			dependencies = (
				DA90C1F72BC99D6F00B546C1 /* PBXTargetDependency */,
			);
			name = ArkavoUITests;
			productName = ArkavoUITests;
			productReference = DA90C1F52BC99D6F00B546C1 /* ArkavoUITests.xctest */;
			productType = "com.apple.product-type.bundle.ui-testing";
		};
/* End PBXNativeTarget section */

/* Begin PBXProject section */
		DA90C1CD2BC99D6D00B546C1 /* Project object */ = {
			isa = PBXProject;
			attributes = {
				BuildIndependentTargetsInParallel = 1;
				LastSwiftUpdateCheck = 1530;
				LastUpgradeCheck = 1530;
				TargetAttributes = {
					DA90C1D42BC99D6D00B546C1 = {
						CreatedOnToolsVersion = 15.3;
						LastSwiftMigration = 1530;
					};
					DA90C1EA2BC99D6F00B546C1 = {
						CreatedOnToolsVersion = 15.3;
						TestTargetID = DA90C1D42BC99D6D00B546C1;
					};
					DA90C1F42BC99D6F00B546C1 = {
						CreatedOnToolsVersion = 15.3;
						TestTargetID = DA90C1D42BC99D6D00B546C1;
					};
				};
			};
			buildConfigurationList = DA90C1D02BC99D6D00B546C1 /* Build configuration list for PBXProject "Arkavo" */;
			compatibilityVersion = "Xcode 14.0";
			developmentRegion = en;
			hasScannedForEncodings = 0;
			knownRegions = (
				en,
				Base,
			);
			mainGroup = DA90C1CC2BC99D6D00B546C1;
			productRefGroup = DA90C1D62BC99D6D00B546C1 /* Products */;
			projectDirPath = "";
			projectRoot = "";
			targets = (
				DA90C1D42BC99D6D00B546C1 /* Arkavo */,
				DA90C1EA2BC99D6F00B546C1 /* ArkavoTests */,
				DA90C1F42BC99D6F00B546C1 /* ArkavoUITests */,
			);
		};
/* End PBXProject section */

/* Begin PBXResourcesBuildPhase section */
		DA90C1D32BC99D6D00B546C1 /* Resources */ = {
			isa = PBXResourcesBuildPhase;
			buildActionMask = 2147483647;
			files = (
				DAF123922BD0A0660001014C /* conan_opentdf_client.xcconfig in Resources */,
				DA2D5BED2BD34BB800F1EC1F /* ci_pre_xcodebuild.sh in Resources */,
				DA90C1E62BC99D6E00B546C1 /* Preview Assets.xcassets in Resources */,
				DA90C1E22BC99D6E00B546C1 /* Assets.xcassets in Resources */,
			);
			runOnlyForDeploymentPostprocessing = 0;
		};
		DA90C1E92BC99D6F00B546C1 /* Resources */ = {
			isa = PBXResourcesBuildPhase;
			buildActionMask = 2147483647;
			files = (
			);
			runOnlyForDeploymentPostprocessing = 0;
		};
		DA90C1F32BC99D6F00B546C1 /* Resources */ = {
			isa = PBXResourcesBuildPhase;
			buildActionMask = 2147483647;
			files = (
			);
			runOnlyForDeploymentPostprocessing = 0;
		};
/* End PBXResourcesBuildPhase section */

/* Begin PBXSourcesBuildPhase section */
		DA90C1D12BC99D6D00B546C1 /* Sources */ = {
			isa = PBXSourcesBuildPhase;
			buildActionMask = 2147483647;
			files = (
				DA90C1DE2BC99D6D00B546C1 /* Arkavo.xcdatamodeld in Sources */,
				DA90C1D92BC99D6D00B546C1 /* ArkavoApp.swift in Sources */,
				DAF123992BD0AC670001014C /* OpenTDFWrapper.mm in Sources */,
				DA90C1E02BC99D6D00B546C1 /* ContentView.swift in Sources */,
				DA90C1DB2BC99D6D00B546C1 /* Persistence.swift in Sources */,
				346449AA9A85FFF634600344 /* AuthenticationManager.swift in Sources */,
			);
			runOnlyForDeploymentPostprocessing = 0;
		};
		DA90C1E72BC99D6F00B546C1 /* Sources */ = {
			isa = PBXSourcesBuildPhase;
			buildActionMask = 2147483647;
			files = (
				DA90C1F02BC99D6F00B546C1 /* ArkavoTests.swift in Sources */,
			);
			runOnlyForDeploymentPostprocessing = 0;
		};
		DA90C1F12BC99D6F00B546C1 /* Sources */ = {
			isa = PBXSourcesBuildPhase;
			buildActionMask = 2147483647;
			files = (
				DA90C1FC2BC99D6F00B546C1 /* ArkavoUITestsLaunchTests.swift in Sources */,
				DA90C1FA2BC99D6F00B546C1 /* ArkavoUITests.swift in Sources */,
			);
			runOnlyForDeploymentPostprocessing = 0;
		};
/* End PBXSourcesBuildPhase section */

/* Begin PBXTargetDependency section */
		DA90C1ED2BC99D6F00B546C1 /* PBXTargetDependency */ = {
			isa = PBXTargetDependency;
			target = DA90C1D42BC99D6D00B546C1 /* Arkavo */;
			targetProxy = DA90C1EC2BC99D6F00B546C1 /* PBXContainerItemProxy */;
		};
		DA90C1F72BC99D6F00B546C1 /* PBXTargetDependency */ = {
			isa = PBXTargetDependency;
			target = DA90C1D42BC99D6D00B546C1 /* Arkavo */;
			targetProxy = DA90C1F62BC99D6F00B546C1 /* PBXContainerItemProxy */;
		};
/* End PBXTargetDependency section */

/* Begin XCBuildConfiguration section */
		DA90C1FD2BC99D6F00B546C1 /* Debug */ = {
			isa = XCBuildConfiguration;
			baseConfigurationReference = DAF123912BD0A0660001014C /* conan_opentdf_client.xcconfig */;
			buildSettings = {
				ALWAYS_SEARCH_USER_PATHS = NO;
				ASSETCATALOG_COMPILER_GENERATE_SWIFT_ASSET_SYMBOL_EXTENSIONS = YES;
				CLANG_ANALYZER_NONNULL = YES;
				CLANG_ANALYZER_NUMBER_OBJECT_CONVERSION = YES_AGGRESSIVE;
				CLANG_CXX_LANGUAGE_STANDARD = "c++20";
				CLANG_ENABLE_MODULES = YES;
				CLANG_ENABLE_OBJC_ARC = YES;
				CLANG_ENABLE_OBJC_WEAK = YES;
				CLANG_WARN_BLOCK_CAPTURE_AUTORELEASING = YES;
				CLANG_WARN_BOOL_CONVERSION = YES;
				CLANG_WARN_COMMA = YES;
				CLANG_WARN_CONSTANT_CONVERSION = YES;
				CLANG_WARN_DEPRECATED_OBJC_IMPLEMENTATIONS = YES;
				CLANG_WARN_DIRECT_OBJC_ISA_USAGE = YES_ERROR;
				CLANG_WARN_DOCUMENTATION_COMMENTS = YES;
				CLANG_WARN_EMPTY_BODY = YES;
				CLANG_WARN_ENUM_CONVERSION = YES;
				CLANG_WARN_INFINITE_RECURSION = YES;
				CLANG_WARN_INT_CONVERSION = YES;
				CLANG_WARN_NON_LITERAL_NULL_CONVERSION = YES;
				CLANG_WARN_OBJC_IMPLICIT_RETAIN_SELF = YES;
				CLANG_WARN_OBJC_LITERAL_CONVERSION = YES;
				CLANG_WARN_OBJC_ROOT_CLASS = YES_ERROR;
				CLANG_WARN_QUOTED_INCLUDE_IN_FRAMEWORK_HEADER = YES;
				CLANG_WARN_RANGE_LOOP_ANALYSIS = YES;
				CLANG_WARN_STRICT_PROTOTYPES = YES;
				CLANG_WARN_SUSPICIOUS_MOVE = YES;
				CLANG_WARN_UNGUARDED_AVAILABILITY = YES_AGGRESSIVE;
				CLANG_WARN_UNREACHABLE_CODE = YES;
				CLANG_WARN__DUPLICATE_METHOD_MATCH = YES;
				COPY_PHASE_STRIP = NO;
				DEBUG_INFORMATION_FORMAT = dwarf;
				ENABLE_STRICT_OBJC_MSGSEND = YES;
				ENABLE_TESTABILITY = YES;
				ENABLE_USER_SCRIPT_SANDBOXING = YES;
				GCC_C_LANGUAGE_STANDARD = gnu17;
				GCC_DYNAMIC_NO_PIC = NO;
				GCC_NO_COMMON_BLOCKS = YES;
				GCC_OPTIMIZATION_LEVEL = 0;
				GCC_PREPROCESSOR_DEFINITIONS = (
					"DEBUG=1",
					"$(inherited)",
				);
				GCC_WARN_64_TO_32_BIT_CONVERSION = YES;
				GCC_WARN_ABOUT_RETURN_TYPE = YES_ERROR;
				GCC_WARN_UNDECLARED_SELECTOR = YES;
				GCC_WARN_UNINITIALIZED_AUTOS = YES_AGGRESSIVE;
				GCC_WARN_UNUSED_FUNCTION = YES;
				GCC_WARN_UNUSED_VARIABLE = YES;
				LINK_WITH_STANDARD_LIBRARIES = YES;
				LOCALIZATION_PREFERS_STRING_CATALOGS = YES;
				MTL_ENABLE_DEBUG_INFO = INCLUDE_SOURCE;
				MTL_FAST_MATH = YES;
				ONLY_ACTIVE_ARCH = YES;
				SWIFT_ACTIVE_COMPILATION_CONDITIONS = "DEBUG $(inherited)";
				SWIFT_OPTIMIZATION_LEVEL = "-Onone";
			};
			name = Debug;
		};
		DA90C1FE2BC99D6F00B546C1 /* Release */ = {
			isa = XCBuildConfiguration;
			buildSettings = {
				ALWAYS_SEARCH_USER_PATHS = NO;
				ASSETCATALOG_COMPILER_GENERATE_SWIFT_ASSET_SYMBOL_EXTENSIONS = YES;
				CLANG_ANALYZER_NONNULL = YES;
				CLANG_ANALYZER_NUMBER_OBJECT_CONVERSION = YES_AGGRESSIVE;
				CLANG_CXX_LANGUAGE_STANDARD = "c++20";
				CLANG_ENABLE_MODULES = YES;
				CLANG_ENABLE_OBJC_ARC = YES;
				CLANG_ENABLE_OBJC_WEAK = YES;
				CLANG_WARN_BLOCK_CAPTURE_AUTORELEASING = YES;
				CLANG_WARN_BOOL_CONVERSION = YES;
				CLANG_WARN_COMMA = YES;
				CLANG_WARN_CONSTANT_CONVERSION = YES;
				CLANG_WARN_DEPRECATED_OBJC_IMPLEMENTATIONS = YES;
				CLANG_WARN_DIRECT_OBJC_ISA_USAGE = YES_ERROR;
				CLANG_WARN_DOCUMENTATION_COMMENTS = YES;
				CLANG_WARN_EMPTY_BODY = YES;
				CLANG_WARN_ENUM_CONVERSION = YES;
				CLANG_WARN_INFINITE_RECURSION = YES;
				CLANG_WARN_INT_CONVERSION = YES;
				CLANG_WARN_NON_LITERAL_NULL_CONVERSION = YES;
				CLANG_WARN_OBJC_IMPLICIT_RETAIN_SELF = YES;
				CLANG_WARN_OBJC_LITERAL_CONVERSION = YES;
				CLANG_WARN_OBJC_ROOT_CLASS = YES_ERROR;
				CLANG_WARN_QUOTED_INCLUDE_IN_FRAMEWORK_HEADER = YES;
				CLANG_WARN_RANGE_LOOP_ANALYSIS = YES;
				CLANG_WARN_STRICT_PROTOTYPES = YES;
				CLANG_WARN_SUSPICIOUS_MOVE = YES;
				CLANG_WARN_UNGUARDED_AVAILABILITY = YES_AGGRESSIVE;
				CLANG_WARN_UNREACHABLE_CODE = YES;
				CLANG_WARN__DUPLICATE_METHOD_MATCH = YES;
				COPY_PHASE_STRIP = NO;
				DEBUG_INFORMATION_FORMAT = "dwarf-with-dsym";
				ENABLE_NS_ASSERTIONS = NO;
				ENABLE_STRICT_OBJC_MSGSEND = YES;
				ENABLE_USER_SCRIPT_SANDBOXING = YES;
				GCC_C_LANGUAGE_STANDARD = gnu17;
				GCC_NO_COMMON_BLOCKS = YES;
				GCC_WARN_64_TO_32_BIT_CONVERSION = YES;
				GCC_WARN_ABOUT_RETURN_TYPE = YES_ERROR;
				GCC_WARN_UNDECLARED_SELECTOR = YES;
				GCC_WARN_UNINITIALIZED_AUTOS = YES_AGGRESSIVE;
				GCC_WARN_UNUSED_FUNCTION = YES;
				GCC_WARN_UNUSED_VARIABLE = YES;
				LINK_WITH_STANDARD_LIBRARIES = YES;
				LOCALIZATION_PREFERS_STRING_CATALOGS = YES;
				MTL_ENABLE_DEBUG_INFO = NO;
				MTL_FAST_MATH = YES;
				SWIFT_COMPILATION_MODE = wholemodule;
			};
			name = Release;
		};
		DA90C2002BC99D6F00B546C1 /* Debug */ = {
			isa = XCBuildConfiguration;
			buildSettings = {
				ASSETCATALOG_COMPILER_APPICON_NAME = AppIcon;
				ASSETCATALOG_COMPILER_GLOBAL_ACCENT_COLOR_NAME = AccentColor;
				CLANG_ENABLE_MODULES = YES;
				CODE_SIGN_ENTITLEMENTS = Arkavo/Arkavo.entitlements;
				CODE_SIGN_IDENTITY = "Apple Development";
				CODE_SIGN_STYLE = Automatic;
				CURRENT_PROJECT_VERSION = 1;
				DEVELOPMENT_ASSET_PATHS = "\"Arkavo/Preview Content\"";
				DEVELOPMENT_TEAM = 496RA8CKPQ;
				ENABLE_HARDENED_RUNTIME = YES;
				ENABLE_PREVIEWS = YES;
				GENERATE_INFOPLIST_FILE = YES;
				INFOPLIST_KEY_CFBundleDisplayName = Arkavo;
				INFOPLIST_KEY_LSApplicationCategoryType = "public.app-category.social-networking";
				"INFOPLIST_KEY_UIApplicationSceneManifest_Generation[sdk=iphoneos*]" = YES;
				"INFOPLIST_KEY_UIApplicationSceneManifest_Generation[sdk=iphonesimulator*]" = YES;
				"INFOPLIST_KEY_UIApplicationSupportsIndirectInputEvents[sdk=iphoneos*]" = YES;
				"INFOPLIST_KEY_UIApplicationSupportsIndirectInputEvents[sdk=iphonesimulator*]" = YES;
				"INFOPLIST_KEY_UILaunchScreen_Generation[sdk=iphoneos*]" = YES;
				"INFOPLIST_KEY_UILaunchScreen_Generation[sdk=iphonesimulator*]" = YES;
				"INFOPLIST_KEY_UIStatusBarStyle[sdk=iphoneos*]" = UIStatusBarStyleDefault;
				"INFOPLIST_KEY_UIStatusBarStyle[sdk=iphonesimulator*]" = UIStatusBarStyleDefault;
				INFOPLIST_KEY_UISupportedInterfaceOrientations_iPad = "UIInterfaceOrientationPortrait UIInterfaceOrientationPortraitUpsideDown UIInterfaceOrientationLandscapeLeft UIInterfaceOrientationLandscapeRight";
				INFOPLIST_KEY_UISupportedInterfaceOrientations_iPhone = "UIInterfaceOrientationPortrait UIInterfaceOrientationLandscapeLeft UIInterfaceOrientationLandscapeRight";
				IPHONEOS_DEPLOYMENT_TARGET = 17.4;
				LD_RUNPATH_SEARCH_PATHS = "@executable_path/Frameworks";
				"LD_RUNPATH_SEARCH_PATHS[sdk=macosx*]" = "@executable_path/../Frameworks";
				MACOSX_DEPLOYMENT_TARGET = 14.4;
				MARKETING_VERSION = 0.1;
				PRODUCT_BUNDLE_IDENTIFIER = net.arkavo.Arkavo;
				PRODUCT_NAME = "$(TARGET_NAME)";
				PROVISIONING_PROFILE_SPECIFIER = "";
				SDKROOT = auto;
				SUPPORTED_PLATFORMS = "iphoneos iphonesimulator macosx";
				SWIFT_EMIT_LOC_STRINGS = YES;
				SWIFT_OBJC_BRIDGING_HEADER = "Arkavo/Services/Arkavo-Bridging-Header.h";
				SWIFT_OPTIMIZATION_LEVEL = "-Onone";
				SWIFT_VERSION = 5.0;
				TARGETED_DEVICE_FAMILY = "1,2";
			};
			name = Debug;
		};
		DA90C2012BC99D6F00B546C1 /* Release */ = {
			isa = XCBuildConfiguration;
			buildSettings = {
				ASSETCATALOG_COMPILER_APPICON_NAME = AppIcon;
				ASSETCATALOG_COMPILER_GLOBAL_ACCENT_COLOR_NAME = AccentColor;
				CLANG_ENABLE_MODULES = YES;
				CODE_SIGN_ENTITLEMENTS = Arkavo/Arkavo.entitlements;
				CODE_SIGN_IDENTITY = "Apple Development";
				CODE_SIGN_STYLE = Automatic;
				CURRENT_PROJECT_VERSION = 1;
				DEVELOPMENT_ASSET_PATHS = "\"Arkavo/Preview Content\"";
				DEVELOPMENT_TEAM = 496RA8CKPQ;
				ENABLE_HARDENED_RUNTIME = YES;
				ENABLE_PREVIEWS = YES;
				GENERATE_INFOPLIST_FILE = YES;
				INFOPLIST_KEY_CFBundleDisplayName = Arkavo;
				INFOPLIST_KEY_LSApplicationCategoryType = "public.app-category.social-networking";
				"INFOPLIST_KEY_UIApplicationSceneManifest_Generation[sdk=iphoneos*]" = YES;
				"INFOPLIST_KEY_UIApplicationSceneManifest_Generation[sdk=iphonesimulator*]" = YES;
				"INFOPLIST_KEY_UIApplicationSupportsIndirectInputEvents[sdk=iphoneos*]" = YES;
				"INFOPLIST_KEY_UIApplicationSupportsIndirectInputEvents[sdk=iphonesimulator*]" = YES;
				"INFOPLIST_KEY_UILaunchScreen_Generation[sdk=iphoneos*]" = YES;
				"INFOPLIST_KEY_UILaunchScreen_Generation[sdk=iphonesimulator*]" = YES;
				"INFOPLIST_KEY_UIStatusBarStyle[sdk=iphoneos*]" = UIStatusBarStyleDefault;
				"INFOPLIST_KEY_UIStatusBarStyle[sdk=iphonesimulator*]" = UIStatusBarStyleDefault;
				INFOPLIST_KEY_UISupportedInterfaceOrientations_iPad = "UIInterfaceOrientationPortrait UIInterfaceOrientationPortraitUpsideDown UIInterfaceOrientationLandscapeLeft UIInterfaceOrientationLandscapeRight";
				INFOPLIST_KEY_UISupportedInterfaceOrientations_iPhone = "UIInterfaceOrientationPortrait UIInterfaceOrientationLandscapeLeft UIInterfaceOrientationLandscapeRight";
				IPHONEOS_DEPLOYMENT_TARGET = 17.4;
				LD_RUNPATH_SEARCH_PATHS = "@executable_path/Frameworks";
				"LD_RUNPATH_SEARCH_PATHS[sdk=macosx*]" = "@executable_path/../Frameworks";
				MACOSX_DEPLOYMENT_TARGET = 14.4;
				MARKETING_VERSION = 0.1;
				PRODUCT_BUNDLE_IDENTIFIER = net.arkavo.Arkavo;
				PRODUCT_NAME = "$(TARGET_NAME)";
				PROVISIONING_PROFILE_SPECIFIER = "";
				SDKROOT = auto;
				SUPPORTED_PLATFORMS = "iphoneos iphonesimulator macosx";
				SWIFT_EMIT_LOC_STRINGS = YES;
				SWIFT_OBJC_BRIDGING_HEADER = "Arkavo/Services/Arkavo-Bridging-Header.h";
				SWIFT_VERSION = 5.0;
				TARGETED_DEVICE_FAMILY = "1,2";
			};
			name = Release;
		};
		DA90C2032BC99D6F00B546C1 /* Debug */ = {
			isa = XCBuildConfiguration;
			buildSettings = {
				ALWAYS_EMBED_SWIFT_STANDARD_LIBRARIES = YES;
				BUNDLE_LOADER = "$(TEST_HOST)";
				CODE_SIGN_STYLE = Automatic;
				CURRENT_PROJECT_VERSION = 1;
				DEVELOPMENT_TEAM = 496RA8CKPQ;
				GENERATE_INFOPLIST_FILE = YES;
				IPHONEOS_DEPLOYMENT_TARGET = 17.4;
				MACOSX_DEPLOYMENT_TARGET = 14.4;
				MARKETING_VERSION = 1.0;
				PRODUCT_BUNDLE_IDENTIFIER = org.arkavo.ArkavoTests;
				PRODUCT_NAME = "$(TARGET_NAME)";
				SDKROOT = auto;
				SUPPORTED_PLATFORMS = "iphoneos iphonesimulator macosx";
				SWIFT_EMIT_LOC_STRINGS = NO;
				SWIFT_VERSION = 5.0;
				TARGETED_DEVICE_FAMILY = "1,2";
				TEST_HOST = "$(BUILT_PRODUCTS_DIR)/Arkavo.app/$(BUNDLE_EXECUTABLE_FOLDER_PATH)/Arkavo";
			};
			name = Debug;
		};
		DA90C2042BC99D6F00B546C1 /* Release */ = {
			isa = XCBuildConfiguration;
			buildSettings = {
				ALWAYS_EMBED_SWIFT_STANDARD_LIBRARIES = YES;
				BUNDLE_LOADER = "$(TEST_HOST)";
				CODE_SIGN_STYLE = Automatic;
				CURRENT_PROJECT_VERSION = 1;
				DEVELOPMENT_TEAM = 496RA8CKPQ;
				GENERATE_INFOPLIST_FILE = YES;
				IPHONEOS_DEPLOYMENT_TARGET = 17.4;
				MACOSX_DEPLOYMENT_TARGET = 14.4;
				MARKETING_VERSION = 1.0;
				PRODUCT_BUNDLE_IDENTIFIER = org.arkavo.ArkavoTests;
				PRODUCT_NAME = "$(TARGET_NAME)";
				SDKROOT = auto;
				SUPPORTED_PLATFORMS = "iphoneos iphonesimulator macosx";
				SWIFT_EMIT_LOC_STRINGS = NO;
				SWIFT_VERSION = 5.0;
				TARGETED_DEVICE_FAMILY = "1,2";
				TEST_HOST = "$(BUILT_PRODUCTS_DIR)/Arkavo.app/$(BUNDLE_EXECUTABLE_FOLDER_PATH)/Arkavo";
			};
			name = Release;
		};
		DA90C2062BC99D6F00B546C1 /* Debug */ = {
			isa = XCBuildConfiguration;
			buildSettings = {
				ALWAYS_EMBED_SWIFT_STANDARD_LIBRARIES = YES;
				CODE_SIGN_STYLE = Automatic;
				CURRENT_PROJECT_VERSION = 1;
				DEVELOPMENT_TEAM = 496RA8CKPQ;
				GENERATE_INFOPLIST_FILE = YES;
				IPHONEOS_DEPLOYMENT_TARGET = 17.4;
				MACOSX_DEPLOYMENT_TARGET = 14.4;
				MARKETING_VERSION = 1.0;
				PRODUCT_BUNDLE_IDENTIFIER = org.arkavo.ArkavoUITests;
				PRODUCT_NAME = "$(TARGET_NAME)";
				SDKROOT = auto;
				SUPPORTED_PLATFORMS = "iphoneos iphonesimulator macosx";
				SWIFT_EMIT_LOC_STRINGS = NO;
				SWIFT_VERSION = 5.0;
				TARGETED_DEVICE_FAMILY = "1,2";
				TEST_TARGET_NAME = Arkavo;
			};
			name = Debug;
		};
		DA90C2072BC99D6F00B546C1 /* Release */ = {
			isa = XCBuildConfiguration;
			buildSettings = {
				ALWAYS_EMBED_SWIFT_STANDARD_LIBRARIES = YES;
				CODE_SIGN_STYLE = Automatic;
				CURRENT_PROJECT_VERSION = 1;
				DEVELOPMENT_TEAM = 496RA8CKPQ;
				GENERATE_INFOPLIST_FILE = YES;
				IPHONEOS_DEPLOYMENT_TARGET = 17.4;
				MACOSX_DEPLOYMENT_TARGET = 14.4;
				MARKETING_VERSION = 1.0;
				PRODUCT_BUNDLE_IDENTIFIER = org.arkavo.ArkavoUITests;
				PRODUCT_NAME = "$(TARGET_NAME)";
				SDKROOT = auto;
				SUPPORTED_PLATFORMS = "iphoneos iphonesimulator macosx";
				SWIFT_EMIT_LOC_STRINGS = NO;
				SWIFT_VERSION = 5.0;
				TARGETED_DEVICE_FAMILY = "1,2";
				TEST_TARGET_NAME = Arkavo;
			};
			name = Release;
		};
/* End XCBuildConfiguration section */

/* Begin XCConfigurationList section */
		DA90C1D02BC99D6D00B546C1 /* Build configuration list for PBXProject "Arkavo" */ = {
			isa = XCConfigurationList;
			buildConfigurations = (
				DA90C1FD2BC99D6F00B546C1 /* Debug */,
				DA90C1FE2BC99D6F00B546C1 /* Release */,
			);
			defaultConfigurationIsVisible = 0;
			defaultConfigurationName = Release;
		};
		DA90C1FF2BC99D6F00B546C1 /* Build configuration list for PBXNativeTarget "Arkavo" */ = {
			isa = XCConfigurationList;
			buildConfigurations = (
				DA90C2002BC99D6F00B546C1 /* Debug */,
				DA90C2012BC99D6F00B546C1 /* Release */,
			);
			defaultConfigurationIsVisible = 0;
			defaultConfigurationName = Release;
		};
		DA90C2022BC99D6F00B546C1 /* Build configuration list for PBXNativeTarget "ArkavoTests" */ = {
			isa = XCConfigurationList;
			buildConfigurations = (
				DA90C2032BC99D6F00B546C1 /* Debug */,
				DA90C2042BC99D6F00B546C1 /* Release */,
			);
			defaultConfigurationIsVisible = 0;
			defaultConfigurationName = Release;
		};
		DA90C2052BC99D6F00B546C1 /* Build configuration list for PBXNativeTarget "ArkavoUITests" */ = {
			isa = XCConfigurationList;
			buildConfigurations = (
				DA90C2062BC99D6F00B546C1 /* Debug */,
				DA90C2072BC99D6F00B546C1 /* Release */,
			);
			defaultConfigurationIsVisible = 0;
			defaultConfigurationName = Release;
		};
/* End XCConfigurationList section */

/* Begin XCVersionGroup section */
		DA90C1DC2BC99D6D00B546C1 /* Arkavo.xcdatamodeld */ = {
			isa = XCVersionGroup;
			children = (
				DA90C1DD2BC99D6D00B546C1 /* Arkavo.xcdatamodel */,
			);
			currentVersion = DA90C1DD2BC99D6D00B546C1 /* Arkavo.xcdatamodel */;
			path = Arkavo.xcdatamodeld;
			sourceTree = "<group>";
			versionGroupType = wrapper.xcdatamodel;
		};
/* End XCVersionGroup section */
	};
	rootObject = DA90C1CD2BC99D6D00B546C1 /* Project object */;
}
