// !$*UTF8*$!
{
	archiveVersion = 1;
	classes = {
	};
	objectVersion = 60;
	objects = {

/* Begin PBXBuildFile section */
		CB68E2632C9A743600FF3167 /* Localizable.xcstrings in Resources */ = {isa = PBXBuildFile; fileRef = CB68E2622C9A743600FF3167 /* Localizable.xcstrings */; };
		CB68E2642C9A743600FF3167 /* Localizable.xcstrings in Resources */ = {isa = PBXBuildFile; fileRef = CB68E2622C9A743600FF3167 /* Localizable.xcstrings */; };
		CB68E2652C9A743600FF3167 /* Localizable.xcstrings in Resources */ = {isa = PBXBuildFile; fileRef = CB68E2622C9A743600FF3167 /* Localizable.xcstrings */; };
		DA03B4592C40AD9500C68162 /* AuthenticationManager.swift in Sources */ = {isa = PBXBuildFile; fileRef = DA03B4582C40AD8800C68162 /* AuthenticationManager.swift */; };
		DA0F81772CF0D8AB00B10773 /* PatreonView.swift in Sources */ = {isa = PBXBuildFile; fileRef = DA0F81762CF0D8A600B10773 /* PatreonView.swift */; };
		DA0F81792CF13F6300B10773 /* Secrets.xcconfig in Resources */ = {isa = PBXBuildFile; fileRef = DA0F81782CF13F5900B10773 /* Secrets.xcconfig */; };
		DA0F817B2CF14D4700B10773 /* PatreonClient.swift in Sources */ = {isa = PBXBuildFile; fileRef = DA0F817A2CF14D4700B10773 /* PatreonClient.swift */; };
		DA0F817D2CF1552B00B10773 /* PatreonService.swift in Sources */ = {isa = PBXBuildFile; fileRef = DA0F817C2CF1552A00B10773 /* PatreonService.swift */; };
		DA0FEC422C58766F00C0A010 /* Stream.swift in Sources */ = {isa = PBXBuildFile; fileRef = DA0FEC402C586DF700C0A010 /* Stream.swift */; };
		DA0FEC442C5B230700C0A010 /* ThoughtStreamView.swift in Sources */ = {isa = PBXBuildFile; fileRef = DA0FEC432C5B230700C0A010 /* ThoughtStreamView.swift */; };
		DA11D51A2C8DDFA9005D1946 /* StreamMapView.swift in Sources */ = {isa = PBXBuildFile; fileRef = DA11D5192C8DDFA9005D1946 /* StreamMapView.swift */; };
		DA179AE62CA0DE8B0083EB99 /* Extension.swift in Sources */ = {isa = PBXBuildFile; fileRef = DA179AE52CA0DE8B0083EB99 /* Extension.swift */; };
		DA1A4DDD2C67EAE000722E3E /* Account.swift in Sources */ = {isa = PBXBuildFile; fileRef = DA1A4DDC2C67EAE000722E3E /* Account.swift */; };
		DA1A4DDF2C67EDB600722E3E /* Profile.swift in Sources */ = {isa = PBXBuildFile; fileRef = DA1A4DDE2C67EDB600722E3E /* Profile.swift */; };
		DA1A4DE32C69265200722E3E /* AccountProfileView.swift in Sources */ = {isa = PBXBuildFile; fileRef = DA1A4DE22C69264F00722E3E /* AccountProfileView.swift */; };
		DA1A4DE52C6929DC00722E3E /* StreamProfileView.swift in Sources */ = {isa = PBXBuildFile; fileRef = DA1A4DE42C6929CF00722E3E /* StreamProfileView.swift */; };
		DA1C90652CB2234D00806E8A /* EntityServiceModel.swift in Sources */ = {isa = PBXBuildFile; fileRef = DA1C90642CB2234D00806E8A /* EntityServiceModel.swift */; };
		DA1C90672CB3099100806E8A /* StreamLoadingView.swift in Sources */ = {isa = PBXBuildFile; fileRef = DA1C90662CB3099100806E8A /* StreamLoadingView.swift */; };
		DA1C90692CB3260E00806E8A /* ThoughtView.swift in Sources */ = {isa = PBXBuildFile; fileRef = DA1C90682CB3260A00806E8A /* ThoughtView.swift */; };
		DA20461A2C603C05006AB6E4 /* Thought.swift in Sources */ = {isa = PBXBuildFile; fileRef = DA2046192C603C05006AB6E4 /* Thought.swift */; };
		DA2212282CB0BB0900C220B0 /* StreamProfileBadge.swift in Sources */ = {isa = PBXBuildFile; fileRef = DA2212272CB0BB0900C220B0 /* StreamProfileBadge.swift */; };
		DA22122E2CB0C85B00C220B0 /* AccountProfileBadge.swift in Sources */ = {isa = PBXBuildFile; fileRef = DA22122D2CB0C85B00C220B0 /* AccountProfileBadge.swift */; };
		DA2212302CB0D1D900C220B0 /* ActivityService.swift in Sources */ = {isa = PBXBuildFile; fileRef = DA22122F2CB0D1D200C220B0 /* ActivityService.swift */; };
		DA24F9142CB1C872003211CD /* AccountProfileInterestsView.swift in Sources */ = {isa = PBXBuildFile; fileRef = DA24F9132CB1C870003211CD /* AccountProfileInterestsView.swift */; };
		DA24F91F2CB1D046003211CD /* Topics.swift in Sources */ = {isa = PBXBuildFile; fileRef = DA24F91E2CB1D044003211CD /* Topics.swift */; };
		DA284D612C3F5AC300CCF7EC /* WebSocketManager.swift in Sources */ = {isa = PBXBuildFile; fileRef = DA284D602C3F5AB800CCF7EC /* WebSocketManager.swift */; };
		DA3680AF2CBB82DC00AED0E4 /* MyRecommender 1.mlpackage in Sources */ = {isa = PBXBuildFile; fileRef = DA3680AE2CBB82DC00AED0E4 /* MyRecommender 1.mlpackage */; };
		DA36BD512CC84A4300467778 /* AgeVerificationManager.swift in Sources */ = {isa = PBXBuildFile; fileRef = DA36BD502CC84A4300467778 /* AgeVerificationManager.swift */; };
		DA36BD532CC8534400467778 /* IDCardScannerViewController.swift in Sources */ = {isa = PBXBuildFile; fileRef = DA36BD522CC8534400467778 /* IDCardScannerViewController.swift */; };
		DA36F2042CBA1A4500762668 /* RegistrationView.swift in Sources */ = {isa = PBXBuildFile; fileRef = DA36F2032CBA1A4500762668 /* RegistrationView.swift */; };
		DA484F352CDD94900023B016 /* ProtectorView.swift in Sources */ = {isa = PBXBuildFile; fileRef = DA484F342CDD948A0023B016 /* ProtectorView.swift */; };
		DA4937A72CC5DCDA00E1F6BC /* LocationManager.swift in Sources */ = {isa = PBXBuildFile; fileRef = DA4937A62CC5DCDA00E1F6BC /* LocationManager.swift */; };
		DA73B3352C6436EF00393056 /* StreamCloudView.swift in Sources */ = {isa = PBXBuildFile; fileRef = DA73B3342C6436EF00393056 /* StreamCloudView.swift */; };
		DA7598BF2C95EE540021A8FC /* ThoughtService.swift in Sources */ = {isa = PBXBuildFile; fileRef = DA7598BE2C95EE540021A8FC /* ThoughtService.swift */; };
		DA7598C12C9610930021A8FC /* ArkavoService.swift in Sources */ = {isa = PBXBuildFile; fileRef = DA7598C02C96108C0021A8FC /* ArkavoService.swift */; };
		DA7598C52C9615F90021A8FC /* ArkavoPolicy.swift in Sources */ = {isa = PBXBuildFile; fileRef = DA7598C42C9615F30021A8FC /* ArkavoPolicy.swift */; };
		DA78EF892C85FE4F00B89422 /* PersistenceController.swift in Sources */ = {isa = PBXBuildFile; fileRef = DA78EF882C85FE4F00B89422 /* PersistenceController.swift */; };
		DA88DD0C2CCAA9B5005DA044 /* MetadataServiceModel.swift in Sources */ = {isa = PBXBuildFile; fileRef = DA88DD0B2CCAA9B5005DA044 /* MetadataServiceModel.swift */; };
		DA8A1F922CE1662800E1D7FC /* ProtectorRedditScanner.swift in Sources */ = {isa = PBXBuildFile; fileRef = DA8A1F912CE1661300E1D7FC /* ProtectorRedditScanner.swift */; };
		DA8A1F942CE1A55F00E1D7FC /* ProtectorProcessor.swift in Sources */ = {isa = PBXBuildFile; fileRef = DA8A1F932CE1A54400E1D7FC /* ProtectorProcessor.swift */; };
		DA8A1F962CE2502300E1D7FC /* TextEmbedding.mlpackage in Sources */ = {isa = PBXBuildFile; fileRef = DA8A1F952CE2502300E1D7FC /* TextEmbedding.mlpackage */; };
		DA8A1F982CE2794800E1D7FC /* ProtectorService.swift in Sources */ = {isa = PBXBuildFile; fileRef = DA8A1F972CE2793F00E1D7FC /* ProtectorService.swift */; };
		DA9D344A2C6AE68000D39ED4 /* StreamView.swift in Sources */ = {isa = PBXBuildFile; fileRef = DA9D34492C6AE68000D39ED4 /* StreamView.swift */; };
		DABFC2902C34F54E00232D79 /* OpenTDFKit in Frameworks */ = {isa = PBXBuildFile; productRef = DABFC28F2C34F54E00232D79 /* OpenTDFKit */; };
		DAC1F9E72C34DA7000499631 /* ArkavoApp.swift in Sources */ = {isa = PBXBuildFile; fileRef = DAC1F9E62C34DA7000499631 /* ArkavoApp.swift */; };
		DAC1F9E92C34DA7000499631 /* ArkavoView.swift in Sources */ = {isa = PBXBuildFile; fileRef = DAC1F9E82C34DA7000499631 /* ArkavoView.swift */; };
		DAC1F9ED2C34DA7100499631 /* Assets.xcassets in Resources */ = {isa = PBXBuildFile; fileRef = DAC1F9EC2C34DA7100499631 /* Assets.xcassets */; };
		DAC1F9F12C34DA7100499631 /* Preview Assets.xcassets in Resources */ = {isa = PBXBuildFile; fileRef = DAC1F9F02C34DA7100499631 /* Preview Assets.xcassets */; };
		DAC1F9FB2C34DA7100499631 /* ArkavoTests.swift in Sources */ = {isa = PBXBuildFile; fileRef = DAC1F9FA2C34DA7100499631 /* ArkavoTests.swift */; };
		DAC1FA052C34DA7100499631 /* ArkavoUITests.swift in Sources */ = {isa = PBXBuildFile; fileRef = DAC1FA042C34DA7100499631 /* ArkavoUITests.swift */; };
		DAC1FA072C34DA7100499631 /* ArkavoUITestsLaunchTests.swift in Sources */ = {isa = PBXBuildFile; fileRef = DAC1FA062C34DA7100499631 /* ArkavoUITestsLaunchTests.swift */; };
		DACCD61D2CAB91A600A9060C /* StreamService.swift in Sources */ = {isa = PBXBuildFile; fileRef = DACCD61C2CAB91A300A9060C /* StreamService.swift */; };
		DACCD61F2CAF5D2C00A9060C /* AccountView.swift in Sources */ = {isa = PBXBuildFile; fileRef = DACCD61E2CAF5D2C00A9060C /* AccountView.swift */; };
		DAEE13872CA101D300DCB5EC /* EventServiceModel.swift in Sources */ = {isa = PBXBuildFile; fileRef = DAEE13862CA101D300DCB5EC /* EventServiceModel.swift */; };
		DAEE138A2CA1021500DCB5EC /* FlatBuffers in Frameworks */ = {isa = PBXBuildFile; productRef = DAEE13892CA1021500DCB5EC /* FlatBuffers */; };
		DAF458A02C702AE0004B44FE /* VideoCaptureManager.swift in Sources */ = {isa = PBXBuildFile; fileRef = DAF4589F2C702AE0004B44FE /* VideoCaptureManager.swift */; };
		DAF458A42C70320F004B44FE /* VideoStreamView.swift in Sources */ = {isa = PBXBuildFile; fileRef = DAF458A32C70320F004B44FE /* VideoStreamView.swift */; };
/* End PBXBuildFile section */

/* Begin PBXContainerItemProxy section */
		DAC1F9F72C34DA7100499631 /* PBXContainerItemProxy */ = {
			isa = PBXContainerItemProxy;
			containerPortal = DAC1F9DB2C34DA7000499631 /* Project object */;
			proxyType = 1;
			remoteGlobalIDString = DAC1F9E22C34DA7000499631;
			remoteInfo = Arkavo;
		};
		DAC1FA012C34DA7100499631 /* PBXContainerItemProxy */ = {
			isa = PBXContainerItemProxy;
			containerPortal = DAC1F9DB2C34DA7000499631 /* Project object */;
			proxyType = 1;
			remoteGlobalIDString = DAC1F9E22C34DA7000499631;
			remoteInfo = Arkavo;
		};
/* End PBXContainerItemProxy section */

/* Begin PBXFileReference section */
		CB68E2622C9A743600FF3167 /* Localizable.xcstrings */ = {isa = PBXFileReference; lastKnownFileType = text.json.xcstrings; path = Localizable.xcstrings; sourceTree = "<group>"; };
		DA03B4582C40AD8800C68162 /* AuthenticationManager.swift */ = {isa = PBXFileReference; lastKnownFileType = sourcecode.swift; path = AuthenticationManager.swift; sourceTree = "<group>"; };
		DA0F81762CF0D8A600B10773 /* PatreonView.swift */ = {isa = PBXFileReference; lastKnownFileType = sourcecode.swift; path = PatreonView.swift; sourceTree = "<group>"; };
		DA0F81782CF13F5900B10773 /* Secrets.xcconfig */ = {isa = PBXFileReference; lastKnownFileType = text.xcconfig; path = Secrets.xcconfig; sourceTree = "<group>"; };
		DA0F817A2CF14D4700B10773 /* PatreonClient.swift */ = {isa = PBXFileReference; lastKnownFileType = sourcecode.swift; path = PatreonClient.swift; sourceTree = "<group>"; };
		DA0F817C2CF1552A00B10773 /* PatreonService.swift */ = {isa = PBXFileReference; lastKnownFileType = sourcecode.swift; path = PatreonService.swift; sourceTree = "<group>"; };
		DA0FEC402C586DF700C0A010 /* Stream.swift */ = {isa = PBXFileReference; lastKnownFileType = sourcecode.swift; path = Stream.swift; sourceTree = "<group>"; };
		DA0FEC432C5B230700C0A010 /* ThoughtStreamView.swift */ = {isa = PBXFileReference; lastKnownFileType = sourcecode.swift; path = ThoughtStreamView.swift; sourceTree = "<group>"; };
		DA11D5192C8DDFA9005D1946 /* StreamMapView.swift */ = {isa = PBXFileReference; lastKnownFileType = sourcecode.swift; path = StreamMapView.swift; sourceTree = "<group>"; };
		DA179AE52CA0DE8B0083EB99 /* Extension.swift */ = {isa = PBXFileReference; lastKnownFileType = sourcecode.swift; path = Extension.swift; sourceTree = "<group>"; };
		DA1A4DDC2C67EAE000722E3E /* Account.swift */ = {isa = PBXFileReference; lastKnownFileType = sourcecode.swift; path = Account.swift; sourceTree = "<group>"; };
		DA1A4DDE2C67EDB600722E3E /* Profile.swift */ = {isa = PBXFileReference; lastKnownFileType = sourcecode.swift; path = Profile.swift; sourceTree = "<group>"; };
		DA1A4DE22C69264F00722E3E /* AccountProfileView.swift */ = {isa = PBXFileReference; lastKnownFileType = sourcecode.swift; path = AccountProfileView.swift; sourceTree = "<group>"; };
		DA1A4DE42C6929CF00722E3E /* StreamProfileView.swift */ = {isa = PBXFileReference; lastKnownFileType = sourcecode.swift; path = StreamProfileView.swift; sourceTree = "<group>"; };
		DA1C90642CB2234D00806E8A /* EntityServiceModel.swift */ = {isa = PBXFileReference; lastKnownFileType = sourcecode.swift; path = EntityServiceModel.swift; sourceTree = "<group>"; };
		DA1C90662CB3099100806E8A /* StreamLoadingView.swift */ = {isa = PBXFileReference; lastKnownFileType = sourcecode.swift; path = StreamLoadingView.swift; sourceTree = "<group>"; };
		DA1C90682CB3260A00806E8A /* ThoughtView.swift */ = {isa = PBXFileReference; lastKnownFileType = sourcecode.swift; path = ThoughtView.swift; sourceTree = "<group>"; };
		DA2046192C603C05006AB6E4 /* Thought.swift */ = {isa = PBXFileReference; lastKnownFileType = sourcecode.swift; path = Thought.swift; sourceTree = "<group>"; };
		DA2212272CB0BB0900C220B0 /* StreamProfileBadge.swift */ = {isa = PBXFileReference; lastKnownFileType = sourcecode.swift; path = StreamProfileBadge.swift; sourceTree = "<group>"; };
		DA22122D2CB0C85B00C220B0 /* AccountProfileBadge.swift */ = {isa = PBXFileReference; lastKnownFileType = sourcecode.swift; path = AccountProfileBadge.swift; sourceTree = "<group>"; };
		DA22122F2CB0D1D200C220B0 /* ActivityService.swift */ = {isa = PBXFileReference; lastKnownFileType = sourcecode.swift; path = ActivityService.swift; sourceTree = "<group>"; };
		DA24F9132CB1C870003211CD /* AccountProfileInterestsView.swift */ = {isa = PBXFileReference; lastKnownFileType = sourcecode.swift; path = AccountProfileInterestsView.swift; sourceTree = "<group>"; };
		DA24F91E2CB1D044003211CD /* Topics.swift */ = {isa = PBXFileReference; lastKnownFileType = sourcecode.swift; path = Topics.swift; sourceTree = "<group>"; };
		DA284D602C3F5AB800CCF7EC /* WebSocketManager.swift */ = {isa = PBXFileReference; lastKnownFileType = sourcecode.swift; path = WebSocketManager.swift; sourceTree = "<group>"; };
		DA3680AE2CBB82DC00AED0E4 /* MyRecommender 1.mlpackage */ = {isa = PBXFileReference; lastKnownFileType = folder.mlpackage; path = "MyRecommender 1.mlpackage"; sourceTree = "<group>"; };
		DA36BD502CC84A4300467778 /* AgeVerificationManager.swift */ = {isa = PBXFileReference; lastKnownFileType = sourcecode.swift; path = AgeVerificationManager.swift; sourceTree = "<group>"; };
		DA36BD522CC8534400467778 /* IDCardScannerViewController.swift */ = {isa = PBXFileReference; lastKnownFileType = sourcecode.swift; path = IDCardScannerViewController.swift; sourceTree = "<group>"; };
		DA36F2032CBA1A4500762668 /* RegistrationView.swift */ = {isa = PBXFileReference; lastKnownFileType = sourcecode.swift; path = RegistrationView.swift; sourceTree = "<group>"; };
		DA484F342CDD948A0023B016 /* ProtectorView.swift */ = {isa = PBXFileReference; lastKnownFileType = sourcecode.swift; path = ProtectorView.swift; sourceTree = "<group>"; };
		DA4937A62CC5DCDA00E1F6BC /* LocationManager.swift */ = {isa = PBXFileReference; lastKnownFileType = sourcecode.swift; path = LocationManager.swift; sourceTree = "<group>"; };
		DA73B3342C6436EF00393056 /* StreamCloudView.swift */ = {isa = PBXFileReference; lastKnownFileType = sourcecode.swift; path = StreamCloudView.swift; sourceTree = "<group>"; };
		DA7598BE2C95EE540021A8FC /* ThoughtService.swift */ = {isa = PBXFileReference; lastKnownFileType = sourcecode.swift; path = ThoughtService.swift; sourceTree = "<group>"; };
		DA7598C02C96108C0021A8FC /* ArkavoService.swift */ = {isa = PBXFileReference; lastKnownFileType = sourcecode.swift; path = ArkavoService.swift; sourceTree = "<group>"; };
		DA7598C42C9615F30021A8FC /* ArkavoPolicy.swift */ = {isa = PBXFileReference; lastKnownFileType = sourcecode.swift; path = ArkavoPolicy.swift; sourceTree = "<group>"; };
		DA78EF882C85FE4F00B89422 /* PersistenceController.swift */ = {isa = PBXFileReference; lastKnownFileType = sourcecode.swift; path = PersistenceController.swift; sourceTree = "<group>"; };
		DA88DD0B2CCAA9B5005DA044 /* MetadataServiceModel.swift */ = {isa = PBXFileReference; lastKnownFileType = sourcecode.swift; path = MetadataServiceModel.swift; sourceTree = "<group>"; };
		DA8A1F912CE1661300E1D7FC /* ProtectorRedditScanner.swift */ = {isa = PBXFileReference; lastKnownFileType = sourcecode.swift; path = ProtectorRedditScanner.swift; sourceTree = "<group>"; };
		DA8A1F932CE1A54400E1D7FC /* ProtectorProcessor.swift */ = {isa = PBXFileReference; lastKnownFileType = sourcecode.swift; path = ProtectorProcessor.swift; sourceTree = "<group>"; };
		DA8A1F952CE2502300E1D7FC /* TextEmbedding.mlpackage */ = {isa = PBXFileReference; lastKnownFileType = folder.mlpackage; path = TextEmbedding.mlpackage; sourceTree = "<group>"; };
		DA8A1F972CE2793F00E1D7FC /* ProtectorService.swift */ = {isa = PBXFileReference; lastKnownFileType = sourcecode.swift; path = ProtectorService.swift; sourceTree = "<group>"; };
		DA9D34492C6AE68000D39ED4 /* StreamView.swift */ = {isa = PBXFileReference; lastKnownFileType = sourcecode.swift; path = StreamView.swift; sourceTree = "<group>"; };
		DAC1F9E32C34DA7000499631 /* Arkavo.app */ = {isa = PBXFileReference; explicitFileType = wrapper.application; includeInIndex = 0; path = Arkavo.app; sourceTree = BUILT_PRODUCTS_DIR; };
		DAC1F9E62C34DA7000499631 /* ArkavoApp.swift */ = {isa = PBXFileReference; lastKnownFileType = sourcecode.swift; path = ArkavoApp.swift; sourceTree = "<group>"; };
		DAC1F9E82C34DA7000499631 /* ArkavoView.swift */ = {isa = PBXFileReference; lastKnownFileType = sourcecode.swift; path = ArkavoView.swift; sourceTree = "<group>"; };
		DAC1F9EC2C34DA7100499631 /* Assets.xcassets */ = {isa = PBXFileReference; lastKnownFileType = folder.assetcatalog; path = Assets.xcassets; sourceTree = "<group>"; };
		DAC1F9EE2C34DA7100499631 /* Arkavo.entitlements */ = {isa = PBXFileReference; lastKnownFileType = text.plist.entitlements; path = Arkavo.entitlements; sourceTree = "<group>"; };
		DAC1F9F02C34DA7100499631 /* Preview Assets.xcassets */ = {isa = PBXFileReference; lastKnownFileType = folder.assetcatalog; path = "Preview Assets.xcassets"; sourceTree = "<group>"; };
		DAC1F9F62C34DA7100499631 /* ArkavoTests.xctest */ = {isa = PBXFileReference; explicitFileType = wrapper.cfbundle; includeInIndex = 0; path = ArkavoTests.xctest; sourceTree = BUILT_PRODUCTS_DIR; };
		DAC1F9FA2C34DA7100499631 /* ArkavoTests.swift */ = {isa = PBXFileReference; lastKnownFileType = sourcecode.swift; path = ArkavoTests.swift; sourceTree = "<group>"; };
		DAC1FA002C34DA7100499631 /* ArkavoUITests.xctest */ = {isa = PBXFileReference; explicitFileType = wrapper.cfbundle; includeInIndex = 0; path = ArkavoUITests.xctest; sourceTree = BUILT_PRODUCTS_DIR; };
		DAC1FA042C34DA7100499631 /* ArkavoUITests.swift */ = {isa = PBXFileReference; lastKnownFileType = sourcecode.swift; path = ArkavoUITests.swift; sourceTree = "<group>"; };
		DAC1FA062C34DA7100499631 /* ArkavoUITestsLaunchTests.swift */ = {isa = PBXFileReference; lastKnownFileType = sourcecode.swift; path = ArkavoUITestsLaunchTests.swift; sourceTree = "<group>"; };
		DACCD61C2CAB91A300A9060C /* StreamService.swift */ = {isa = PBXFileReference; lastKnownFileType = sourcecode.swift; path = StreamService.swift; sourceTree = "<group>"; };
		DACCD61E2CAF5D2C00A9060C /* AccountView.swift */ = {isa = PBXFileReference; lastKnownFileType = sourcecode.swift; path = AccountView.swift; sourceTree = "<group>"; };
		DAEE13862CA101D300DCB5EC /* EventServiceModel.swift */ = {isa = PBXFileReference; lastKnownFileType = sourcecode.swift; path = EventServiceModel.swift; sourceTree = "<group>"; };
		DAF4589F2C702AE0004B44FE /* VideoCaptureManager.swift */ = {isa = PBXFileReference; lastKnownFileType = sourcecode.swift; path = VideoCaptureManager.swift; sourceTree = "<group>"; };
		DAF458A32C70320F004B44FE /* VideoStreamView.swift */ = {isa = PBXFileReference; lastKnownFileType = sourcecode.swift; path = VideoStreamView.swift; sourceTree = "<group>"; };
/* End PBXFileReference section */

/* Begin PBXFrameworksBuildPhase section */
		DAC1F9E02C34DA7000499631 /* Frameworks */ = {
			isa = PBXFrameworksBuildPhase;
			buildActionMask = 2147483647;
			files = (
				DABFC2902C34F54E00232D79 /* OpenTDFKit in Frameworks */,
				DAEE138A2CA1021500DCB5EC /* FlatBuffers in Frameworks */,
			);
			runOnlyForDeploymentPostprocessing = 0;
		};
		DAC1F9F32C34DA7100499631 /* Frameworks */ = {
			isa = PBXFrameworksBuildPhase;
			buildActionMask = 2147483647;
			files = (
			);
			runOnlyForDeploymentPostprocessing = 0;
		};
		DAC1F9FD2C34DA7100499631 /* Frameworks */ = {
			isa = PBXFrameworksBuildPhase;
			buildActionMask = 2147483647;
			files = (
			);
			runOnlyForDeploymentPostprocessing = 0;
		};
/* End PBXFrameworksBuildPhase section */

/* Begin PBXGroup section */
		DAC1F9DA2C34DA7000499631 = {
			isa = PBXGroup;
			children = (
				CB68E2622C9A743600FF3167 /* Localizable.xcstrings */,
				DAC1F9E52C34DA7000499631 /* Arkavo */,
				DAC1F9F92C34DA7100499631 /* ArkavoTests */,
				DAC1FA032C34DA7100499631 /* ArkavoUITests */,
				DAC1F9E42C34DA7000499631 /* Products */,
			);
			sourceTree = "<group>";
		};
		DAC1F9E42C34DA7000499631 /* Products */ = {
			isa = PBXGroup;
			children = (
				DAC1F9E32C34DA7000499631 /* Arkavo.app */,
				DAC1F9F62C34DA7100499631 /* ArkavoTests.xctest */,
				DAC1FA002C34DA7100499631 /* ArkavoUITests.xctest */,
			);
			name = Products;
			sourceTree = "<group>";
		};
		DAC1F9E52C34DA7000499631 /* Arkavo */ = {
			isa = PBXGroup;
			children = (
				DA0F817C2CF1552A00B10773 /* PatreonService.swift */,
				DA24F91E2CB1D044003211CD /* Topics.swift */,
				DA1A4DDC2C67EAE000722E3E /* Account.swift */,
				DA1A4DDE2C67EDB600722E3E /* Profile.swift */,
				DA0FEC402C586DF700C0A010 /* Stream.swift */,
				DA2046192C603C05006AB6E4 /* Thought.swift */,
				DA78EF882C85FE4F00B89422 /* PersistenceController.swift */,
				DAC1F9E62C34DA7000499631 /* ArkavoApp.swift */,
				DAEE13862CA101D300DCB5EC /* EventServiceModel.swift */,
				DA1C90642CB2234D00806E8A /* EntityServiceModel.swift */,
				DA88DD0B2CCAA9B5005DA044 /* MetadataServiceModel.swift */,
				DA7598C42C9615F30021A8FC /* ArkavoPolicy.swift */,
				DA7598C02C96108C0021A8FC /* ArkavoService.swift */,
				DAC1F9E82C34DA7000499631 /* ArkavoView.swift */,
				DACCD61E2CAF5D2C00A9060C /* AccountView.swift */,
				DA22122D2CB0C85B00C220B0 /* AccountProfileBadge.swift */,
				DA1A4DE22C69264F00722E3E /* AccountProfileView.swift */,
				DA24F9132CB1C870003211CD /* AccountProfileInterestsView.swift */,
				DA9D34492C6AE68000D39ED4 /* StreamView.swift */,
				DA1C90662CB3099100806E8A /* StreamLoadingView.swift */,
				DA73B3342C6436EF00393056 /* StreamCloudView.swift */,
				DA2212272CB0BB0900C220B0 /* StreamProfileBadge.swift */,
				DA1A4DE42C6929CF00722E3E /* StreamProfileView.swift */,
				DA11D5192C8DDFA9005D1946 /* StreamMapView.swift */,
				DACCD61C2CAB91A300A9060C /* StreamService.swift */,
				DA7598BE2C95EE540021A8FC /* ThoughtService.swift */,
				DA1C90682CB3260A00806E8A /* ThoughtView.swift */,
				DA0FEC432C5B230700C0A010 /* ThoughtStreamView.swift */,
				DAF458A32C70320F004B44FE /* VideoStreamView.swift */,
				DA22122F2CB0D1D200C220B0 /* ActivityService.swift */,
				DA36BD502CC84A4300467778 /* AgeVerificationManager.swift */,
				DA36BD522CC8534400467778 /* IDCardScannerViewController.swift */,
				DAF4589F2C702AE0004B44FE /* VideoCaptureManager.swift */,
				DA03B4582C40AD8800C68162 /* AuthenticationManager.swift */,
				DA4937A62CC5DCDA00E1F6BC /* LocationManager.swift */,
				DA284D602C3F5AB800CCF7EC /* WebSocketManager.swift */,
				DA36F2032CBA1A4500762668 /* RegistrationView.swift */,
				DA0F81762CF0D8A600B10773 /* PatreonView.swift */,
				DA0F817A2CF14D4700B10773 /* PatreonClient.swift */,
				DA484F342CDD948A0023B016 /* ProtectorView.swift */,
				DA8A1F972CE2793F00E1D7FC /* ProtectorService.swift */,
				DA8A1F932CE1A54400E1D7FC /* ProtectorProcessor.swift */,
				DA8A1F912CE1661300E1D7FC /* ProtectorRedditScanner.swift */,
				DA179AE52CA0DE8B0083EB99 /* Extension.swift */,
				DA8A1F952CE2502300E1D7FC /* TextEmbedding.mlpackage */,
				DA3680AE2CBB82DC00AED0E4 /* MyRecommender 1.mlpackage */,
				DAC1F9EE2C34DA7100499631 /* Arkavo.entitlements */,
				DAC1F9EC2C34DA7100499631 /* Assets.xcassets */,
				DA0F81782CF13F5900B10773 /* Secrets.xcconfig */,
				DAC1F9EF2C34DA7100499631 /* Preview Content */,
			);
			path = Arkavo;
			sourceTree = "<group>";
		};
		DAC1F9EF2C34DA7100499631 /* Preview Content */ = {
			isa = PBXGroup;
			children = (
				DAC1F9F02C34DA7100499631 /* Preview Assets.xcassets */,
			);
			path = "Preview Content";
			sourceTree = "<group>";
		};
		DAC1F9F92C34DA7100499631 /* ArkavoTests */ = {
			isa = PBXGroup;
			children = (
				DAC1F9FA2C34DA7100499631 /* ArkavoTests.swift */,
			);
			path = ArkavoTests;
			sourceTree = "<group>";
		};
		DAC1FA032C34DA7100499631 /* ArkavoUITests */ = {
			isa = PBXGroup;
			children = (
				DAC1FA042C34DA7100499631 /* ArkavoUITests.swift */,
				DAC1FA062C34DA7100499631 /* ArkavoUITestsLaunchTests.swift */,
			);
			path = ArkavoUITests;
			sourceTree = "<group>";
		};
/* End PBXGroup section */

/* Begin PBXNativeTarget section */
		DAC1F9E22C34DA7000499631 /* Arkavo */ = {
			isa = PBXNativeTarget;
			buildConfigurationList = DAC1FA0A2C34DA7100499631 /* Build configuration list for PBXNativeTarget "Arkavo" */;
			buildPhases = (
				DAC1F9DF2C34DA7000499631 /* Sources */,
				DAC1F9E02C34DA7000499631 /* Frameworks */,
				DAC1F9E12C34DA7000499631 /* Resources */,
			);
			buildRules = (
			);
			dependencies = (
			);
			name = Arkavo;
			packageProductDependencies = (
				DABFC28F2C34F54E00232D79 /* OpenTDFKit */,
				DAEE13892CA1021500DCB5EC /* FlatBuffers */,
			);
			productName = Arkavo;
			productReference = DAC1F9E32C34DA7000499631 /* Arkavo.app */;
			productType = "com.apple.product-type.application";
		};
		DAC1F9F52C34DA7100499631 /* ArkavoTests */ = {
			isa = PBXNativeTarget;
			buildConfigurationList = DAC1FA0D2C34DA7100499631 /* Build configuration list for PBXNativeTarget "ArkavoTests" */;
			buildPhases = (
				DAC1F9F22C34DA7100499631 /* Sources */,
				DAC1F9F32C34DA7100499631 /* Frameworks */,
				DAC1F9F42C34DA7100499631 /* Resources */,
			);
			buildRules = (
			);
			dependencies = (
				DAC1F9F82C34DA7100499631 /* PBXTargetDependency */,
			);
			name = ArkavoTests;
			productName = ArkavoTests;
			productReference = DAC1F9F62C34DA7100499631 /* ArkavoTests.xctest */;
			productType = "com.apple.product-type.bundle.unit-test";
		};
		DAC1F9FF2C34DA7100499631 /* ArkavoUITests */ = {
			isa = PBXNativeTarget;
			buildConfigurationList = DAC1FA102C34DA7100499631 /* Build configuration list for PBXNativeTarget "ArkavoUITests" */;
			buildPhases = (
				DAC1F9FC2C34DA7100499631 /* Sources */,
				DAC1F9FD2C34DA7100499631 /* Frameworks */,
				DAC1F9FE2C34DA7100499631 /* Resources */,
			);
			buildRules = (
			);
			dependencies = (
				DAC1FA022C34DA7100499631 /* PBXTargetDependency */,
			);
			name = ArkavoUITests;
			productName = ArkavoUITests;
			productReference = DAC1FA002C34DA7100499631 /* ArkavoUITests.xctest */;
			productType = "com.apple.product-type.bundle.ui-testing";
		};
/* End PBXNativeTarget section */

/* Begin PBXProject section */
		DAC1F9DB2C34DA7000499631 /* Project object */ = {
			isa = PBXProject;
			attributes = {
				BuildIndependentTargetsInParallel = 1;
				LastSwiftUpdateCheck = 1600;
				LastUpgradeCheck = 1620;
				TargetAttributes = {
					DAC1F9E22C34DA7000499631 = {
						CreatedOnToolsVersion = 16.0;
					};
					DAC1F9F52C34DA7100499631 = {
						CreatedOnToolsVersion = 16.0;
						TestTargetID = DAC1F9E22C34DA7000499631;
					};
					DAC1F9FF2C34DA7100499631 = {
						CreatedOnToolsVersion = 16.0;
						TestTargetID = DAC1F9E22C34DA7000499631;
					};
				};
			};
			buildConfigurationList = DAC1F9DE2C34DA7000499631 /* Build configuration list for PBXProject "Arkavo" */;
			compatibilityVersion = "Xcode 15.0";
			developmentRegion = en;
			hasScannedForEncodings = 0;
			knownRegions = (
				en,
				Base,
				"es-US",
			);
			mainGroup = DAC1F9DA2C34DA7000499631;
			packageReferences = (
				DABFC28E2C34F54E00232D79 /* XCRemoteSwiftPackageReference "OpenTDFKit" */,
				DAEE13852CA0FBEB00DCB5EC /* XCRemoteSwiftPackageReference "flatbuffers" */,
			);
			productRefGroup = DAC1F9E42C34DA7000499631 /* Products */;
			projectDirPath = "";
			projectRoot = "";
			targets = (
				DAC1F9E22C34DA7000499631 /* Arkavo */,
				DAC1F9F52C34DA7100499631 /* ArkavoTests */,
				DAC1F9FF2C34DA7100499631 /* ArkavoUITests */,
			);
		};
/* End PBXProject section */

/* Begin PBXResourcesBuildPhase section */
		DAC1F9E12C34DA7000499631 /* Resources */ = {
			isa = PBXResourcesBuildPhase;
			buildActionMask = 2147483647;
			files = (
				DA0F81792CF13F6300B10773 /* Secrets.xcconfig in Resources */,
				DAC1F9F12C34DA7100499631 /* Preview Assets.xcassets in Resources */,
				DAC1F9ED2C34DA7100499631 /* Assets.xcassets in Resources */,
				CB68E2632C9A743600FF3167 /* Localizable.xcstrings in Resources */,
			);
			runOnlyForDeploymentPostprocessing = 0;
		};
		DAC1F9F42C34DA7100499631 /* Resources */ = {
			isa = PBXResourcesBuildPhase;
			buildActionMask = 2147483647;
			files = (
				CB68E2642C9A743600FF3167 /* Localizable.xcstrings in Resources */,
			);
			runOnlyForDeploymentPostprocessing = 0;
		};
		DAC1F9FE2C34DA7100499631 /* Resources */ = {
			isa = PBXResourcesBuildPhase;
			buildActionMask = 2147483647;
			files = (
				CB68E2652C9A743600FF3167 /* Localizable.xcstrings in Resources */,
			);
			runOnlyForDeploymentPostprocessing = 0;
		};
/* End PBXResourcesBuildPhase section */

/* Begin PBXSourcesBuildPhase section */
		DAC1F9DF2C34DA7000499631 /* Sources */ = {
			isa = PBXSourcesBuildPhase;
			buildActionMask = 2147483647;
			files = (
				DACCD61D2CAB91A600A9060C /* StreamService.swift in Sources */,
				DA0FEC422C58766F00C0A010 /* Stream.swift in Sources */,
				DA36F2042CBA1A4500762668 /* RegistrationView.swift in Sources */,
				DA484F352CDD94900023B016 /* ProtectorView.swift in Sources */,
				DA2212302CB0D1D900C220B0 /* ActivityService.swift in Sources */,
				DA24F9142CB1C872003211CD /* AccountProfileInterestsView.swift in Sources */,
				DA22122E2CB0C85B00C220B0 /* AccountProfileBadge.swift in Sources */,
				DA36BD532CC8534400467778 /* IDCardScannerViewController.swift in Sources */,
				DA7598C52C9615F90021A8FC /* ArkavoPolicy.swift in Sources */,
				DACCD61F2CAF5D2C00A9060C /* AccountView.swift in Sources */,
				DA0F81772CF0D8AB00B10773 /* PatreonView.swift in Sources */,
				DA4937A72CC5DCDA00E1F6BC /* LocationManager.swift in Sources */,
				DA7598BF2C95EE540021A8FC /* ThoughtService.swift in Sources */,
				DA1C90692CB3260E00806E8A /* ThoughtView.swift in Sources */,
				DA8A1F962CE2502300E1D7FC /* TextEmbedding.mlpackage in Sources */,
				DA1A4DDF2C67EDB600722E3E /* Profile.swift in Sources */,
				DAF458A02C702AE0004B44FE /* VideoCaptureManager.swift in Sources */,
				DA1A4DE32C69265200722E3E /* AccountProfileView.swift in Sources */,
				DA1A4DDD2C67EAE000722E3E /* Account.swift in Sources */,
				DA20461A2C603C05006AB6E4 /* Thought.swift in Sources */,
				DA73B3352C6436EF00393056 /* StreamCloudView.swift in Sources */,
				DA179AE62CA0DE8B0083EB99 /* Extension.swift in Sources */,
				DAC1F9E92C34DA7000499631 /* ArkavoView.swift in Sources */,
				DA284D612C3F5AC300CCF7EC /* WebSocketManager.swift in Sources */,
				DA9D344A2C6AE68000D39ED4 /* StreamView.swift in Sources */,
				DAF458A42C70320F004B44FE /* VideoStreamView.swift in Sources */,
				DAEE13872CA101D300DCB5EC /* EventServiceModel.swift in Sources */,
				DA0F817B2CF14D4700B10773 /* PatreonClient.swift in Sources */,
				DA78EF892C85FE4F00B89422 /* PersistenceController.swift in Sources */,
				DA03B4592C40AD9500C68162 /* AuthenticationManager.swift in Sources */,
				DA3680AF2CBB82DC00AED0E4 /* MyRecommender 1.mlpackage in Sources */,
				DA1C90672CB3099100806E8A /* StreamLoadingView.swift in Sources */,
				DA8A1F942CE1A55F00E1D7FC /* ProtectorProcessor.swift in Sources */,
				DAC1F9E72C34DA7000499631 /* ArkavoApp.swift in Sources */,
				DA1C90652CB2234D00806E8A /* EntityServiceModel.swift in Sources */,
				DA7598C12C9610930021A8FC /* ArkavoService.swift in Sources */,
				DA24F91F2CB1D046003211CD /* Topics.swift in Sources */,
				DA1A4DE52C6929DC00722E3E /* StreamProfileView.swift in Sources */,
				DA8A1F982CE2794800E1D7FC /* ProtectorService.swift in Sources */,
				DA88DD0C2CCAA9B5005DA044 /* MetadataServiceModel.swift in Sources */,
				DA11D51A2C8DDFA9005D1946 /* StreamMapView.swift in Sources */,
				DA36BD512CC84A4300467778 /* AgeVerificationManager.swift in Sources */,
				DA8A1F922CE1662800E1D7FC /* ProtectorRedditScanner.swift in Sources */,
				DA2212282CB0BB0900C220B0 /* StreamProfileBadge.swift in Sources */,
				DA0FEC442C5B230700C0A010 /* ThoughtStreamView.swift in Sources */,
				DA0F817D2CF1552B00B10773 /* PatreonService.swift in Sources */,
			);
			runOnlyForDeploymentPostprocessing = 0;
		};
		DAC1F9F22C34DA7100499631 /* Sources */ = {
			isa = PBXSourcesBuildPhase;
			buildActionMask = 2147483647;
			files = (
				DAC1F9FB2C34DA7100499631 /* ArkavoTests.swift in Sources */,
			);
			runOnlyForDeploymentPostprocessing = 0;
		};
		DAC1F9FC2C34DA7100499631 /* Sources */ = {
			isa = PBXSourcesBuildPhase;
			buildActionMask = 2147483647;
			files = (
				DAC1FA072C34DA7100499631 /* ArkavoUITestsLaunchTests.swift in Sources */,
				DAC1FA052C34DA7100499631 /* ArkavoUITests.swift in Sources */,
			);
			runOnlyForDeploymentPostprocessing = 0;
		};
/* End PBXSourcesBuildPhase section */

/* Begin PBXTargetDependency section */
		DAC1F9F82C34DA7100499631 /* PBXTargetDependency */ = {
			isa = PBXTargetDependency;
			target = DAC1F9E22C34DA7000499631 /* Arkavo */;
			targetProxy = DAC1F9F72C34DA7100499631 /* PBXContainerItemProxy */;
		};
		DAC1FA022C34DA7100499631 /* PBXTargetDependency */ = {
			isa = PBXTargetDependency;
			target = DAC1F9E22C34DA7000499631 /* Arkavo */;
			targetProxy = DAC1FA012C34DA7100499631 /* PBXContainerItemProxy */;
		};
/* End PBXTargetDependency section */

/* Begin XCBuildConfiguration section */
		DAC1FA082C34DA7100499631 /* Debug */ = {
			isa = XCBuildConfiguration;
			buildSettings = {
				ALWAYS_SEARCH_USER_PATHS = NO;
				ASSETCATALOG_COMPILER_GENERATE_SWIFT_ASSET_SYMBOL_EXTENSIONS = YES;
				CLANG_ANALYZER_LOCALIZABILITY_NONLOCALIZED = YES;
				CLANG_ANALYZER_NONNULL = YES;
				CLANG_ANALYZER_NUMBER_OBJECT_CONVERSION = YES_AGGRESSIVE;
				CLANG_CXX_LANGUAGE_STANDARD = "gnu++20";
				CLANG_ENABLE_MODULES = YES;
				CLANG_ENABLE_OBJC_ARC = YES;
				CLANG_ENABLE_OBJC_WEAK = YES;
				CLANG_WARN_BLOCK_CAPTURE_AUTORELEASING = YES;
				CLANG_WARN_BOOL_CONVERSION = YES;
				CLANG_WARN_COMMA = YES;
				CLANG_WARN_CONSTANT_CONVERSION = YES;
				CLANG_WARN_DEPRECATED_OBJC_IMPLEMENTATIONS = YES;
				CLANG_WARN_DIRECT_OBJC_ISA_USAGE = YES_ERROR;
				CLANG_WARN_DOCUMENTATION_COMMENTS = YES;
				CLANG_WARN_EMPTY_BODY = YES;
				CLANG_WARN_ENUM_CONVERSION = YES;
				CLANG_WARN_INFINITE_RECURSION = YES;
				CLANG_WARN_INT_CONVERSION = YES;
				CLANG_WARN_NON_LITERAL_NULL_CONVERSION = YES;
				CLANG_WARN_OBJC_IMPLICIT_RETAIN_SELF = YES;
				CLANG_WARN_OBJC_LITERAL_CONVERSION = YES;
				CLANG_WARN_OBJC_ROOT_CLASS = YES_ERROR;
				CLANG_WARN_QUOTED_INCLUDE_IN_FRAMEWORK_HEADER = YES;
				CLANG_WARN_RANGE_LOOP_ANALYSIS = YES;
				CLANG_WARN_STRICT_PROTOTYPES = YES;
				CLANG_WARN_SUSPICIOUS_MOVE = YES;
				CLANG_WARN_UNGUARDED_AVAILABILITY = YES_AGGRESSIVE;
				CLANG_WARN_UNREACHABLE_CODE = YES;
				CLANG_WARN__DUPLICATE_METHOD_MATCH = YES;
				COPY_PHASE_STRIP = NO;
				DEAD_CODE_STRIPPING = YES;
				DEBUG_INFORMATION_FORMAT = dwarf;
				ENABLE_STRICT_OBJC_MSGSEND = YES;
				ENABLE_TESTABILITY = YES;
				ENABLE_USER_SCRIPT_SANDBOXING = YES;
				GCC_C_LANGUAGE_STANDARD = gnu17;
				GCC_DYNAMIC_NO_PIC = NO;
				GCC_NO_COMMON_BLOCKS = YES;
				GCC_OPTIMIZATION_LEVEL = 0;
				GCC_PREPROCESSOR_DEFINITIONS = (
					"DEBUG=1",
					"$(inherited)",
				);
				GCC_WARN_64_TO_32_BIT_CONVERSION = YES;
				GCC_WARN_ABOUT_RETURN_TYPE = YES_ERROR;
				GCC_WARN_UNDECLARED_SELECTOR = YES;
				GCC_WARN_UNINITIALIZED_AUTOS = YES_AGGRESSIVE;
				GCC_WARN_UNUSED_FUNCTION = YES;
				GCC_WARN_UNUSED_VARIABLE = YES;
				IPHONEOS_DEPLOYMENT_TARGET = 18.0;
				LOCALIZATION_PREFERS_STRING_CATALOGS = YES;
				MTL_ENABLE_DEBUG_INFO = INCLUDE_SOURCE;
				MTL_FAST_MATH = YES;
				ONLY_ACTIVE_ARCH = YES;
				SWIFT_ACTIVE_COMPILATION_CONDITIONS = "DEBUG $(inherited)";
				SWIFT_EMIT_LOC_STRINGS = YES;
				SWIFT_OPTIMIZATION_LEVEL = "-Onone";
			};
			name = Debug;
		};
		DAC1FA092C34DA7100499631 /* Release */ = {
			isa = XCBuildConfiguration;
			buildSettings = {
				ALWAYS_SEARCH_USER_PATHS = NO;
				ASSETCATALOG_COMPILER_GENERATE_SWIFT_ASSET_SYMBOL_EXTENSIONS = YES;
				CLANG_ANALYZER_LOCALIZABILITY_NONLOCALIZED = YES;
				CLANG_ANALYZER_NONNULL = YES;
				CLANG_ANALYZER_NUMBER_OBJECT_CONVERSION = YES_AGGRESSIVE;
				CLANG_CXX_LANGUAGE_STANDARD = "gnu++20";
				CLANG_ENABLE_MODULES = YES;
				CLANG_ENABLE_OBJC_ARC = YES;
				CLANG_ENABLE_OBJC_WEAK = YES;
				CLANG_WARN_BLOCK_CAPTURE_AUTORELEASING = YES;
				CLANG_WARN_BOOL_CONVERSION = YES;
				CLANG_WARN_COMMA = YES;
				CLANG_WARN_CONSTANT_CONVERSION = YES;
				CLANG_WARN_DEPRECATED_OBJC_IMPLEMENTATIONS = YES;
				CLANG_WARN_DIRECT_OBJC_ISA_USAGE = YES_ERROR;
				CLANG_WARN_DOCUMENTATION_COMMENTS = YES;
				CLANG_WARN_EMPTY_BODY = YES;
				CLANG_WARN_ENUM_CONVERSION = YES;
				CLANG_WARN_INFINITE_RECURSION = YES;
				CLANG_WARN_INT_CONVERSION = YES;
				CLANG_WARN_NON_LITERAL_NULL_CONVERSION = YES;
				CLANG_WARN_OBJC_IMPLICIT_RETAIN_SELF = YES;
				CLANG_WARN_OBJC_LITERAL_CONVERSION = YES;
				CLANG_WARN_OBJC_ROOT_CLASS = YES_ERROR;
				CLANG_WARN_QUOTED_INCLUDE_IN_FRAMEWORK_HEADER = YES;
				CLANG_WARN_RANGE_LOOP_ANALYSIS = YES;
				CLANG_WARN_STRICT_PROTOTYPES = YES;
				CLANG_WARN_SUSPICIOUS_MOVE = YES;
				CLANG_WARN_UNGUARDED_AVAILABILITY = YES_AGGRESSIVE;
				CLANG_WARN_UNREACHABLE_CODE = YES;
				CLANG_WARN__DUPLICATE_METHOD_MATCH = YES;
				COPY_PHASE_STRIP = NO;
				DEAD_CODE_STRIPPING = YES;
				DEBUG_INFORMATION_FORMAT = "dwarf-with-dsym";
				ENABLE_NS_ASSERTIONS = NO;
				ENABLE_STRICT_OBJC_MSGSEND = YES;
				ENABLE_USER_SCRIPT_SANDBOXING = YES;
				GCC_C_LANGUAGE_STANDARD = gnu17;
				GCC_NO_COMMON_BLOCKS = YES;
				GCC_WARN_64_TO_32_BIT_CONVERSION = YES;
				GCC_WARN_ABOUT_RETURN_TYPE = YES_ERROR;
				GCC_WARN_UNDECLARED_SELECTOR = YES;
				GCC_WARN_UNINITIALIZED_AUTOS = YES_AGGRESSIVE;
				GCC_WARN_UNUSED_FUNCTION = YES;
				GCC_WARN_UNUSED_VARIABLE = YES;
				IPHONEOS_DEPLOYMENT_TARGET = 18.0;
				LOCALIZATION_PREFERS_STRING_CATALOGS = YES;
				MTL_ENABLE_DEBUG_INFO = NO;
				MTL_FAST_MATH = YES;
				SWIFT_COMPILATION_MODE = wholemodule;
				SWIFT_EMIT_LOC_STRINGS = YES;
			};
			name = Release;
		};
		DAC1FA0B2C34DA7100499631 /* Debug */ = {
			isa = XCBuildConfiguration;
			buildSettings = {
				ASSETCATALOG_COMPILER_APPICON_NAME = AppIcon;
				ASSETCATALOG_COMPILER_GLOBAL_ACCENT_COLOR_NAME = AccentColor;
				ASSETCATALOG_COMPILER_INCLUDE_ALL_APPICON_ASSETS = YES;
				CODE_SIGN_ENTITLEMENTS = Arkavo/Arkavo.entitlements;
				CODE_SIGN_IDENTITY = "Apple Development";
				CODE_SIGN_STYLE = Automatic;
				CURRENT_PROJECT_VERSION = "beta.3+0";
				DEAD_CODE_STRIPPING = YES;
				DEVELOPMENT_ASSET_PATHS = "\"Arkavo/Preview Content\"";
				DEVELOPMENT_TEAM = M8GS7ZT95Y;
				ENABLE_HARDENED_RUNTIME = YES;
				ENABLE_PREVIEWS = YES;
				GENERATE_INFOPLIST_FILE = YES;
				INFOPLIST_FILE = Arkavo/Info.plist;
				INFOPLIST_KEY_CFBundleDisplayName = Arkavo;
				INFOPLIST_KEY_LSApplicationCategoryType = "public.app-category.social-networking";
				INFOPLIST_KEY_NSCameraUsageDescription = "We need access to the camera for real-time video streaming and processing.";
				INFOPLIST_KEY_NSFaceIDUsageDescription = "We use Face ID for secure authentication.";
				INFOPLIST_KEY_NSLocationWhenInUseUsageDescription = "Optional for securely sharing your location.  Required to consume geo-location content.";
				"INFOPLIST_KEY_UIApplicationSceneManifest_Generation[sdk=iphoneos*]" = YES;
				"INFOPLIST_KEY_UIApplicationSceneManifest_Generation[sdk=iphonesimulator*]" = YES;
				"INFOPLIST_KEY_UIApplicationSupportsIndirectInputEvents[sdk=iphoneos*]" = YES;
				"INFOPLIST_KEY_UIApplicationSupportsIndirectInputEvents[sdk=iphonesimulator*]" = YES;
				"INFOPLIST_KEY_UILaunchScreen_Generation[sdk=iphoneos*]" = YES;
				"INFOPLIST_KEY_UILaunchScreen_Generation[sdk=iphonesimulator*]" = YES;
				"INFOPLIST_KEY_UIStatusBarStyle[sdk=iphoneos*]" = UIStatusBarStyleDefault;
				"INFOPLIST_KEY_UIStatusBarStyle[sdk=iphonesimulator*]" = UIStatusBarStyleDefault;
				INFOPLIST_KEY_UISupportedInterfaceOrientations_iPad = "UIInterfaceOrientationPortrait UIInterfaceOrientationPortraitUpsideDown UIInterfaceOrientationLandscapeLeft UIInterfaceOrientationLandscapeRight";
				INFOPLIST_KEY_UISupportedInterfaceOrientations_iPhone = "UIInterfaceOrientationPortrait UIInterfaceOrientationLandscapeLeft UIInterfaceOrientationLandscapeRight";
				IPHONEOS_DEPLOYMENT_TARGET = 18.0;
				LD_RUNPATH_SEARCH_PATHS = "@executable_path/Frameworks";
				"LD_RUNPATH_SEARCH_PATHS[sdk=macosx*]" = "@executable_path/../Frameworks";
				MACOSX_DEPLOYMENT_TARGET = 15.0;
				MARKETING_VERSION = 1.0.0;
				PRODUCT_BUNDLE_IDENTIFIER = "com.arkavo.${PRODUCT_NAME}";
				PRODUCT_NAME = "$(TARGET_NAME)";
				PROVISIONING_PROFILE_SPECIFIER = "";
				SDKROOT = auto;
				SUPPORTED_PLATFORMS = "iphoneos iphonesimulator macosx xros xrsimulator";
				SWIFT_EMIT_LOC_STRINGS = YES;
				SWIFT_VERSION = 5.0;
				TARGETED_DEVICE_FAMILY = "1,2,7";
				XROS_DEPLOYMENT_TARGET = 2.0;
			};
			name = Debug;
		};
		DAC1FA0C2C34DA7100499631 /* Release */ = {
			isa = XCBuildConfiguration;
			buildSettings = {
				ASSETCATALOG_COMPILER_APPICON_NAME = AppIcon;
				ASSETCATALOG_COMPILER_GLOBAL_ACCENT_COLOR_NAME = AccentColor;
				ASSETCATALOG_COMPILER_INCLUDE_ALL_APPICON_ASSETS = YES;
				CODE_SIGN_ENTITLEMENTS = Arkavo/Arkavo.entitlements;
				CODE_SIGN_IDENTITY = "Apple Development";
				CODE_SIGN_STYLE = Automatic;
				CURRENT_PROJECT_VERSION = "beta.3+0";
				DEAD_CODE_STRIPPING = YES;
				DEVELOPMENT_ASSET_PATHS = "\"Arkavo/Preview Content\"";
				DEVELOPMENT_TEAM = M8GS7ZT95Y;
				ENABLE_HARDENED_RUNTIME = YES;
				ENABLE_PREVIEWS = YES;
				GENERATE_INFOPLIST_FILE = YES;
				INFOPLIST_FILE = Arkavo/Info.plist;
				INFOPLIST_KEY_CFBundleDisplayName = Arkavo;
				INFOPLIST_KEY_LSApplicationCategoryType = "public.app-category.social-networking";
				INFOPLIST_KEY_NSCameraUsageDescription = "We need access to the camera for real-time video streaming and processing.";
				INFOPLIST_KEY_NSFaceIDUsageDescription = "We use Face ID for secure authentication.";
				INFOPLIST_KEY_NSLocationWhenInUseUsageDescription = "Optional for securely sharing your location.  Required to consume geo-location content.";
				"INFOPLIST_KEY_UIApplicationSceneManifest_Generation[sdk=iphoneos*]" = YES;
				"INFOPLIST_KEY_UIApplicationSceneManifest_Generation[sdk=iphonesimulator*]" = YES;
				"INFOPLIST_KEY_UIApplicationSupportsIndirectInputEvents[sdk=iphoneos*]" = YES;
				"INFOPLIST_KEY_UIApplicationSupportsIndirectInputEvents[sdk=iphonesimulator*]" = YES;
				"INFOPLIST_KEY_UILaunchScreen_Generation[sdk=iphoneos*]" = YES;
				"INFOPLIST_KEY_UILaunchScreen_Generation[sdk=iphonesimulator*]" = YES;
				"INFOPLIST_KEY_UIStatusBarStyle[sdk=iphoneos*]" = UIStatusBarStyleDefault;
				"INFOPLIST_KEY_UIStatusBarStyle[sdk=iphonesimulator*]" = UIStatusBarStyleDefault;
				INFOPLIST_KEY_UISupportedInterfaceOrientations_iPad = "UIInterfaceOrientationPortrait UIInterfaceOrientationPortraitUpsideDown UIInterfaceOrientationLandscapeLeft UIInterfaceOrientationLandscapeRight";
				INFOPLIST_KEY_UISupportedInterfaceOrientations_iPhone = "UIInterfaceOrientationPortrait UIInterfaceOrientationLandscapeLeft UIInterfaceOrientationLandscapeRight";
				IPHONEOS_DEPLOYMENT_TARGET = 18.0;
				LD_RUNPATH_SEARCH_PATHS = "@executable_path/Frameworks";
				"LD_RUNPATH_SEARCH_PATHS[sdk=macosx*]" = "@executable_path/../Frameworks";
				MACOSX_DEPLOYMENT_TARGET = 15.0;
				MARKETING_VERSION = 1.0.0;
				PRODUCT_BUNDLE_IDENTIFIER = "com.arkavo.${PRODUCT_NAME}";
				PRODUCT_NAME = "$(TARGET_NAME)";
				PROVISIONING_PROFILE_SPECIFIER = "";
				SDKROOT = auto;
				SUPPORTED_PLATFORMS = "iphoneos iphonesimulator macosx xros xrsimulator";
				SWIFT_EMIT_LOC_STRINGS = YES;
				SWIFT_VERSION = 5.0;
				TARGETED_DEVICE_FAMILY = "1,2,7";
				XROS_DEPLOYMENT_TARGET = 2.0;
			};
			name = Release;
		};
		DAC1FA0E2C34DA7100499631 /* Debug */ = {
			isa = XCBuildConfiguration;
			buildSettings = {
				BUNDLE_LOADER = "$(TEST_HOST)";
				CODE_SIGN_STYLE = Automatic;
				CURRENT_PROJECT_VERSION = 1;
				DEAD_CODE_STRIPPING = YES;
				DEVELOPMENT_TEAM = M8GS7ZT95Y;
				GENERATE_INFOPLIST_FILE = YES;
				IPHONEOS_DEPLOYMENT_TARGET = 18.0;
				MACOSX_DEPLOYMENT_TARGET = 15.0;
				MARKETING_VERSION = 1.0;
				PRODUCT_BUNDLE_IDENTIFIER = com.arkavo.ArkavoTests;
				PRODUCT_NAME = "$(TARGET_NAME)";
				SDKROOT = auto;
				SUPPORTED_PLATFORMS = "iphoneos iphonesimulator macosx xros xrsimulator";
				SWIFT_EMIT_LOC_STRINGS = NO;
				SWIFT_VERSION = 5.0;
				TARGETED_DEVICE_FAMILY = "1,2,7";
				TEST_HOST = "$(BUILT_PRODUCTS_DIR)/Arkavo.app/$(BUNDLE_EXECUTABLE_FOLDER_PATH)/Arkavo";
				XROS_DEPLOYMENT_TARGET = 2.0;
			};
			name = Debug;
		};
		DAC1FA0F2C34DA7100499631 /* Release */ = {
			isa = XCBuildConfiguration;
			buildSettings = {
				BUNDLE_LOADER = "$(TEST_HOST)";
				CODE_SIGN_STYLE = Automatic;
				CURRENT_PROJECT_VERSION = 1;
				DEAD_CODE_STRIPPING = YES;
				DEVELOPMENT_TEAM = M8GS7ZT95Y;
				GENERATE_INFOPLIST_FILE = YES;
				IPHONEOS_DEPLOYMENT_TARGET = 18.0;
				MACOSX_DEPLOYMENT_TARGET = 15.0;
				MARKETING_VERSION = 1.0;
				PRODUCT_BUNDLE_IDENTIFIER = com.arkavo.ArkavoTests;
				PRODUCT_NAME = "$(TARGET_NAME)";
				SDKROOT = auto;
				SUPPORTED_PLATFORMS = "iphoneos iphonesimulator macosx xros xrsimulator";
				SWIFT_EMIT_LOC_STRINGS = NO;
				SWIFT_VERSION = 5.0;
				TARGETED_DEVICE_FAMILY = "1,2,7";
				TEST_HOST = "$(BUILT_PRODUCTS_DIR)/Arkavo.app/$(BUNDLE_EXECUTABLE_FOLDER_PATH)/Arkavo";
				XROS_DEPLOYMENT_TARGET = 2.0;
			};
			name = Release;
		};
		DAC1FA112C34DA7100499631 /* Debug */ = {
			isa = XCBuildConfiguration;
			buildSettings = {
				CODE_SIGN_STYLE = Automatic;
				CURRENT_PROJECT_VERSION = 1;
				DEAD_CODE_STRIPPING = YES;
				DEVELOPMENT_TEAM = M8GS7ZT95Y;
				GENERATE_INFOPLIST_FILE = YES;
				IPHONEOS_DEPLOYMENT_TARGET = 18.0;
				MACOSX_DEPLOYMENT_TARGET = 15.0;
				MARKETING_VERSION = 1.0;
				PRODUCT_BUNDLE_IDENTIFIER = com.arkavo.ArkavoUITests;
				PRODUCT_NAME = "$(TARGET_NAME)";
				SDKROOT = auto;
				SUPPORTED_PLATFORMS = "iphoneos iphonesimulator macosx xros xrsimulator";
				SWIFT_EMIT_LOC_STRINGS = NO;
				SWIFT_VERSION = 5.0;
				TARGETED_DEVICE_FAMILY = "1,2,7";
				TEST_TARGET_NAME = Arkavo;
				XROS_DEPLOYMENT_TARGET = 2.0;
			};
			name = Debug;
		};
		DAC1FA122C34DA7100499631 /* Release */ = {
			isa = XCBuildConfiguration;
			buildSettings = {
				CODE_SIGN_STYLE = Automatic;
				CURRENT_PROJECT_VERSION = 1;
				DEAD_CODE_STRIPPING = YES;
				DEVELOPMENT_TEAM = M8GS7ZT95Y;
				GENERATE_INFOPLIST_FILE = YES;
				IPHONEOS_DEPLOYMENT_TARGET = 18.0;
				MACOSX_DEPLOYMENT_TARGET = 15.0;
				MARKETING_VERSION = 1.0;
				PRODUCT_BUNDLE_IDENTIFIER = com.arkavo.ArkavoUITests;
				PRODUCT_NAME = "$(TARGET_NAME)";
				SDKROOT = auto;
				SUPPORTED_PLATFORMS = "iphoneos iphonesimulator macosx xros xrsimulator";
				SWIFT_EMIT_LOC_STRINGS = NO;
				SWIFT_VERSION = 5.0;
				TARGETED_DEVICE_FAMILY = "1,2,7";
				TEST_TARGET_NAME = Arkavo;
				XROS_DEPLOYMENT_TARGET = 2.0;
			};
			name = Release;
		};
/* End XCBuildConfiguration section */

/* Begin XCConfigurationList section */
		DAC1F9DE2C34DA7000499631 /* Build configuration list for PBXProject "Arkavo" */ = {
			isa = XCConfigurationList;
			buildConfigurations = (
				DAC1FA082C34DA7100499631 /* Debug */,
				DAC1FA092C34DA7100499631 /* Release */,
			);
			defaultConfigurationIsVisible = 0;
			defaultConfigurationName = Release;
		};
		DAC1FA0A2C34DA7100499631 /* Build configuration list for PBXNativeTarget "Arkavo" */ = {
			isa = XCConfigurationList;
			buildConfigurations = (
				DAC1FA0B2C34DA7100499631 /* Debug */,
				DAC1FA0C2C34DA7100499631 /* Release */,
			);
			defaultConfigurationIsVisible = 0;
			defaultConfigurationName = Release;
		};
		DAC1FA0D2C34DA7100499631 /* Build configuration list for PBXNativeTarget "ArkavoTests" */ = {
			isa = XCConfigurationList;
			buildConfigurations = (
				DAC1FA0E2C34DA7100499631 /* Debug */,
				DAC1FA0F2C34DA7100499631 /* Release */,
			);
			defaultConfigurationIsVisible = 0;
			defaultConfigurationName = Release;
		};
		DAC1FA102C34DA7100499631 /* Build configuration list for PBXNativeTarget "ArkavoUITests" */ = {
			isa = XCConfigurationList;
			buildConfigurations = (
				DAC1FA112C34DA7100499631 /* Debug */,
				DAC1FA122C34DA7100499631 /* Release */,
			);
			defaultConfigurationIsVisible = 0;
			defaultConfigurationName = Release;
		};
/* End XCConfigurationList section */

/* Begin XCRemoteSwiftPackageReference section */
		DABFC28E2C34F54E00232D79 /* XCRemoteSwiftPackageReference "OpenTDFKit" */ = {
			isa = XCRemoteSwiftPackageReference;
			repositoryURL = "https://github.com/arkavo-org/OpenTDFKit";
			requirement = {
				kind = exactVersion;
				version = 2.2.1;
			};
		};
		DAEE13852CA0FBEB00DCB5EC /* XCRemoteSwiftPackageReference "flatbuffers" */ = {
			isa = XCRemoteSwiftPackageReference;
			repositoryURL = "https://github.com/google/flatbuffers.git";
			requirement = {
				kind = exactVersion;
				version = 24.3.25;
			};
		};
/* End XCRemoteSwiftPackageReference section */

/* Begin XCSwiftPackageProductDependency section */
		DABFC28F2C34F54E00232D79 /* OpenTDFKit */ = {
			isa = XCSwiftPackageProductDependency;
			package = DABFC28E2C34F54E00232D79 /* XCRemoteSwiftPackageReference "OpenTDFKit" */;
			productName = OpenTDFKit;
		};
		DAEE13892CA1021500DCB5EC /* FlatBuffers */ = {
			isa = XCSwiftPackageProductDependency;
			package = DAEE13852CA0FBEB00DCB5EC /* XCRemoteSwiftPackageReference "flatbuffers" */;
			productName = FlatBuffers;
		};
/* End XCSwiftPackageProductDependency section */
	};
	rootObject = DAC1F9DB2C34DA7000499631 /* Project object */;
}
