{
  "originHash" : "7efd00919183b3a280d965b8e31b44e054a856c705952e51a84326aac877cc29",
  "pins" : [
    {
      "identity" : "opentdfkit",
      "kind" : "remoteSourceControl",
      "location" : "https://github.com/arkavo-org/OpenTDFKit",
      "state" : {
        "branch" : "feature/websocket",
        "revision" : "141f6fc76bf60c7c8bdb580d8d53e8db7d03836d"
      }
    }
  ],
  "version" : 3
}
