{
  "originHash" : "7efd00919183b3a280d965b8e31b44e054a856c705952e51a84326aac877cc29",
  "pins" : [
    {
      "identity" : "opentdfkit",
      "kind" : "remoteSourceControl",
      "location" : "https://github.com/arkavo-org/OpenTDFKit",
      "state" : {
        "revision" : "88b8f0d4aa6f4ab64998fd5f3f61ba9c8312038b",
        "version" : "2.0.0"
      }
    }
  ],
  "version" : 3
}
