{
  "originHash" : "7efd00919183b3a280d965b8e31b44e054a856c705952e51a84326aac877cc29",
  "pins" : [
    {
      "identity" : "opentdfkit",
      "kind" : "remoteSourceControl",
      "location" : "https://github.com/arkavo-org/OpenTDFKit",
      "state" : {
        "revision" : "0171dd5a8ed58ba03ba86c8c796947561f9b51c5",
        "version" : "2.0.1"
      }
    }
  ],
  "version" : 3
}
