{
  "originHash" : "776e0da058824650ca052142bb2ca8715d7f1ca4ca3424f9844b1b77953b5bec",
  "pins" : [
    {
      "identity" : "opentdfkit",
      "kind" : "remoteSourceControl",
      "location" : "https://github.com/arkavo-org/OpenTDFKit",
      "state" : {
        "branch" : "main",
        "revision" : "fbf0099a492017372402beae313c06573f52f1a7"
      }
    },
    {
      "identity" : "vrmmetalkit",
      "kind" : "remoteSourceControl",
      "location" : "https://github.com/arkavo-org/VRMMetalKit",
      "state" : {
        "revision" : "4f5c46e6c83125c8473717102b55c60154a10364",
        "version" : "0.2.0"
      }
    }
  ],
  "version" : 3
}
