{
  "originHash" : "384b99e5ab565b11bb8079b41bdcbe45638e39871a30b0280f5151017005d52d",
  "pins" : [
    {
      "identity" : "opentdfkit",
      "kind" : "remoteSourceControl",
      "location" : "https://github.com/arkavo-org/OpenTDFKit",
      "state" : {
        "branch" : "main",
        "revision" : "fbf0099a492017372402beae313c06573f52f1a7"
      }
    },
    {
      "identity" : "vrmmetalkit",
      "kind" : "remoteSourceControl",
      "location" : "https://github.com/arkavo-org/VRMMetalKit",
      "state" : {
        "revision" : "bdaed1c8fc732f66e662e3390f6ae6962adba64f",
        "version" : "0.3.1"
      }
    }
  ],
  "version" : 3
}
