{
  "originHash" : "3e92e99eb376bfaa911c20e68442027d6b72eb8abf3400c3c013c9fda8b35c04",
  "pins" : [
    {
      "identity" : "opentdfkit",
      "kind" : "remoteSourceControl",
      "location" : "https://github.com/arkavo-org/OpenTDFKit",
      "state" : {
        "branch" : "main",
        "revision" : "fbf0099a492017372402beae313c06573f52f1a7"
      }
    },
    {
      "identity" : "vrmmetalkit",
      "kind" : "remoteSourceControl",
      "location" : "https://github.com/arkavo-org/VRMMetalKit",
      "state" : {
        "branch" : "main",
        "revision" : "0994f57d033dac590cf6cae0df1260190628ef31"
      }
    }
  ],
  "version" : 3
}
