{
  "originHash" : "b14faa733b749be87a204132ea9e151122a5a9f8f8109dbbeaf5cf2010f615a9",
  "pins" : [
    {
      "identity" : "opentdfkit",
      "kind" : "remoteSourceControl",
      "location" : "https://github.com/arkavo-org/OpenTDFKit",
      "state" : {
        "branch" : "feature/keystore",
        "revision" : "b1f6c1c8f30f7c7611035858b5a17f2ffcee56ba"
      }
    }
  ],
  "version" : 3
}
