{
  "originHash" : "b14faa733b749be87a204132ea9e151122a5a9f8f8109dbbeaf5cf2010f615a9",
  "pins" : [
    {
      "identity" : "opentdfkit",
      "kind" : "remoteSourceControl",
      "location" : "https://github.com/arkavo-org/OpenTDFKit",
      "state" : {
        "branch" : "feature/keystore",
        "revision" : "1d781cb2972fff82a6f4bfbcc0451f04b64ba921"
      }
    }
  ],
  "version" : 3
}
