{
  "originHash" : "15cc2540d99629bf93343208200581beb34608115553a1999cd99d3b75057c9b",
  "pins" : [
    {
      "identity" : "opentdfkit",
      "kind" : "remoteSourceControl",
      "location" : "https://github.com/arkavo-org/OpenTDFKit",
      "state" : {
        "branch" : "main",
        "revision" : "fbf0099a492017372402beae313c06573f52f1a7"
      }
    }
  ],
  "version" : 3
}
