{
  "originHash" : "a1dbc3f33116d2e6c8b5dc32888dd6162e7c0775ea9822ec8111c1afcec50029",
  "pins" : [
    {
      "identity" : "flatbuffers",
      "kind" : "remoteSourceControl",
      "location" : "https://github.com/google/flatbuffers.git",
      "state" : {
        "revision" : "a2cd1ea3b6d3fee220106b5fed3f7ce8da9eb757",
        "version" : "24.12.23"
      }
    },
    {
      "identity" : "opentdfkit",
      "kind" : "remoteSourceControl",
      "location" : "https://github.com/arkavo-org/OpenTDFKit",
      "state" : {
        "revision" : "8968e84add07beca741b16db0e8a9eadae35c0ec"
      }
    }
  ],
  "version" : 3
}
