{
  "originHash" : "8d2e750a50a447079ec1a3a9c4bfd85dbcfab5203e26e26d70e432ffee859d22",
  "pins" : [
    {
      "identity" : "flatbuffers",
      "kind" : "remoteSourceControl",
      "location" : "https://github.com/google/flatbuffers.git",
      "state" : {
        "revision" : "a2cd1ea3b6d3fee220106b5fed3f7ce8da9eb757",
        "version" : "24.12.23"
      }
    },
    {
      "identity" : "opentdfkit",
      "kind" : "remoteSourceControl",
      "location" : "https://github.com/arkavo-org/OpenTDFKit",
      "state" : {
        "branch" : "main",
        "revision" : "fbf0099a492017372402beae313c06573f52f1a7"
      }
    },
    {
      "identity" : "vrmmetalkit",
      "kind" : "remoteSourceControl",
      "location" : "https://github.com/arkavo-org/VRMMetalKit",
      "state" : {
        "branch" : "main",
        "revision" : "0994f57d033dac590cf6cae0df1260190628ef31"
      }
    }
  ],
  "version" : 3
}
