{
  "originHash" : "522ba979183f372e788c23d85a264372351dc685379387e4e58ab6510d4023d7",
  "pins" : [
    {
      "identity" : "flatbuffers",
      "kind" : "remoteSourceControl",
      "location" : "https://github.com/google/flatbuffers.git",
      "state" : {
        "revision" : "595bf0007ab1929570c7671f091313c8fc20644e",
        "version" : "24.3.25"
      }
    },
    {
      "identity" : "opentdfkit",
      "kind" : "remoteSourceControl",
      "location" : "https://github.com/arkavo-org/OpenTDFKit",
      "state" : {
        "revision" : "78e2a2b548efb9d3bb1774f7e8796b19e89ff481",
        "version" : "3.0.0"
      }
    }
  ],
  "version" : 3
}
